// !$*UTF8*$!
{
	archiveVersion = 1;
	classes = {
	};
	objectVersion = 46;
	objects = {

/* Begin PBXBuildFile section */
		8C03243416DC41850089CB81 /* AddLocationViewController.m in Sources */ = {isa = PBXBuildFile; fileRef = 8C03243316DC41850089CB81 /* AddLocationViewController.m */; };
		8C1B2976172A131600D359D4 /* ImplementationViewController.m in Sources */ = {isa = PBXBuildFile; fileRef = 8C1B2975172A131600D359D4 /* ImplementationViewController.m */; };
		8C1B2979172A187700D359D4 /* FormsViewController.m in Sources */ = {isa = PBXBuildFile; fileRef = 8C1B2978172A187700D359D4 /* FormsViewController.m */; };
		8C25886B17EA580F0000EA7F /* button-bg.png in Resources */ = {isa = PBXBuildFile; fileRef = 8C25886917EA580F0000EA7F /* button-bg.png */; };
		8C25886C17EA580F0000EA7F /* button-bg@2x.png in Resources */ = {isa = PBXBuildFile; fileRef = 8C25886A17EA580F0000EA7F /* button-bg@2x.png */; };
		8C25886E17EA69070000EA7F /* wce-logo-mod.png in Resources */ = {isa = PBXBuildFile; fileRef = 8C25886D17EA69070000EA7F /* wce-logo-mod.png */; };
		8C25887317EB85AB0000EA7F /* disclosure-check-green@2x.png in Resources */ = {isa = PBXBuildFile; fileRef = 8C25886F17EB85AB0000EA7F /* disclosure-check-green@2x.png */; };
		8C25887417EB85AB0000EA7F /* disclosure-check-green.png in Resources */ = {isa = PBXBuildFile; fileRef = 8C25887017EB85AB0000EA7F /* disclosure-check-green.png */; };
		8C25887517EB85AB0000EA7F /* disclosure-check-yellow.png in Resources */ = {isa = PBXBuildFile; fileRef = 8C25887117EB85AB0000EA7F /* disclosure-check-yellow.png */; };
		8C25887617EB85AB0000EA7F /* disclosure-check-yellow@2x.png in Resources */ = {isa = PBXBuildFile; fileRef = 8C25887217EB85AB0000EA7F /* disclosure-check-yellow@2x.png */; };
		8C25887917EB99F60000EA7F /* edit-disclosure.png in Resources */ = {isa = PBXBuildFile; fileRef = 8C25887717EB99F50000EA7F /* edit-disclosure.png */; };
		8C25887A17EB99F60000EA7F /* edit-disclosure@2x.png in Resources */ = {isa = PBXBuildFile; fileRef = 8C25887817EB99F60000EA7F /* edit-disclosure@2x.png */; };
		8C25887E17ECA2600000EA7F /* CFNetwork.framework in Frameworks */ = {isa = PBXBuildFile; fileRef = 8C25887D17ECA2600000EA7F /* CFNetwork.framework */; };
		8C25888017ECA2720000EA7F /* QuartzCore.framework in Frameworks */ = {isa = PBXBuildFile; fileRef = 8C25887F17ECA2710000EA7F /* QuartzCore.framework */; };
		8C25889917EE3D3E0000EA7F /* middle-cell-bg-selected@2x.png in Resources */ = {isa = PBXBuildFile; fileRef = 8C25889717EE3D3D0000EA7F /* middle-cell-bg-selected@2x.png */; };
		8C25889A17EE3D3E0000EA7F /* middle-cell-bg-selected.png in Resources */ = {isa = PBXBuildFile; fileRef = 8C25889817EE3D3D0000EA7F /* middle-cell-bg-selected.png */; };
		8C25889D17EE3E7C0000EA7F /* solo-cell-bg-selected@2x.png in Resources */ = {isa = PBXBuildFile; fileRef = 8C25889B17EE3E7B0000EA7F /* solo-cell-bg-selected@2x.png */; };
		8C25889E17EE3E7C0000EA7F /* solo-cell-bg-selected.png in Resources */ = {isa = PBXBuildFile; fileRef = 8C25889C17EE3E7C0000EA7F /* solo-cell-bg-selected.png */; };
		8C2588A117EE3F170000EA7F /* top-cell-bg-selected@2x.png in Resources */ = {isa = PBXBuildFile; fileRef = 8C25889F17EE3F170000EA7F /* top-cell-bg-selected@2x.png */; };
		8C2588A217EE3F170000EA7F /* top-cell-bg-selected.png in Resources */ = {isa = PBXBuildFile; fileRef = 8C2588A017EE3F170000EA7F /* top-cell-bg-selected.png */; };
		8C2588A517EE3F7E0000EA7F /* bottom-cell-bg-selected@2x.png in Resources */ = {isa = PBXBuildFile; fileRef = 8C2588A317EE3F7E0000EA7F /* bottom-cell-bg-selected@2x.png */; };
		8C2588A617EE3F7E0000EA7F /* bottom-cell-bg-selected.png in Resources */ = {isa = PBXBuildFile; fileRef = 8C2588A417EE3F7E0000EA7F /* bottom-cell-bg-selected.png */; };
		8C27586B16CC820E00DEDAC8 /* LoginViewController.m in Sources */ = {isa = PBXBuildFile; fileRef = 8C27586A16CC820E00DEDAC8 /* LoginViewController.m */; };
		8C27586E16CC828F00DEDAC8 /* LocationViewController.m in Sources */ = {isa = PBXBuildFile; fileRef = 8C27586D16CC828F00DEDAC8 /* LocationViewController.m */; };
		8C2AE38E17C90D6B00C00BAF /* Partner.m in Sources */ = {isa = PBXBuildFile; fileRef = 8C2AE38D17C90D6B00C00BAF /* Partner.m */; };
		8C2AE39117CD52DB00C00BAF /* CoverSheet.m in Sources */ = {isa = PBXBuildFile; fileRef = 8C2AE39017CD52DB00C00BAF /* CoverSheet.m */; };
		8C32DF4516E26BB8005AFA89 /* Location.m in Sources */ = {isa = PBXBuildFile; fileRef = 8C32DF4416E26BB8005AFA89 /* Location.m */; };
		8C38594D173AC558003A323B /* libsqlite3.0.dylib in Frameworks */ = {isa = PBXBuildFile; fileRef = 8C38594C173AC558003A323B /* libsqlite3.0.dylib */; };
		8C385951173AF07C003A323B /* Icon@2x.png in Resources */ = {isa = PBXBuildFile; fileRef = 8C385950173AF07C003A323B /* Icon@2x.png */; };
		8C385953173AF15C003A323B /* Icon.png in Resources */ = {isa = PBXBuildFile; fileRef = 8C385952173AF15C003A323B /* Icon.png */; };
		8C38595617417FF5003A323B /* MainMenuViewController.m in Sources */ = {isa = PBXBuildFile; fileRef = 8C38595517417FF5003A323B /* MainMenuViewController.m */; };
		8C4C7B741735A6CD00ED3E82 /* LocationListIcon.png in Resources */ = {isa = PBXBuildFile; fileRef = 8C4C7B731735A6CD00ED3E82 /* LocationListIcon.png */; };
		8C4C7B761735A6D400ED3E82 /* LocationListIcon@2x.png in Resources */ = {isa = PBXBuildFile; fileRef = 8C4C7B751735A6D400ED3E82 /* LocationListIcon@2x.png */; };
		8C4C7B7C1735A9B000ED3E82 /* MapIcon@2x.png in Resources */ = {isa = PBXBuildFile; fileRef = 8C4C7B7B1735A9B000ED3E82 /* MapIcon@2x.png */; };
		8C4C7B801735AB8000ED3E82 /* MapIcon.png in Resources */ = {isa = PBXBuildFile; fileRef = 8C4C7B7F1735AB8000ED3E82 /* MapIcon.png */; };
		8C4C7B851736D46200ED3E82 /* EvaluationViewController.m in Sources */ = {isa = PBXBuildFile; fileRef = 8C4C7B841736D46200ED3E82 /* EvaluationViewController.m */; };
		8C4C7B8917373C1100ED3E82 /* WCEWebViewController.m in Sources */ = {isa = PBXBuildFile; fileRef = 8C4C7B8817373C1000ED3E82 /* WCEWebViewController.m */; };
		8C66ECB717D54DD900B2091F /* CustomCell.m in Sources */ = {isa = PBXBuildFile; fileRef = 8C66ECB617D54DD900B2091F /* CustomCell.m */; };
		8C66ED1D17DE548400B2091F /* FMDatabase.m in Sources */ = {isa = PBXBuildFile; fileRef = 8C66ED1C17DE548400B2091F /* FMDatabase.m */; };
		8C66ED2017DE549A00B2091F /* FMResultSet.m in Sources */ = {isa = PBXBuildFile; fileRef = 8C66ED1F17DE549A00B2091F /* FMResultSet.m */; };
		8C66ED2317DE558300B2091F /* FMDatabasePool.m in Sources */ = {isa = PBXBuildFile; fileRef = 8C66ED2217DE558300B2091F /* FMDatabasePool.m */; };
		8C66ED4117DFACA200B2091F /* solo-cell-bg.png in Resources */ = {isa = PBXBuildFile; fileRef = 8C66ED3917DFACA000B2091F /* solo-cell-bg.png */; };
		8C66ED4217DFACA200B2091F /* solo-cell-bg@2x.png in Resources */ = {isa = PBXBuildFile; fileRef = 8C66ED3A17DFACA100B2091F /* solo-cell-bg@2x.png */; };
		8C66ED4A17DFC62C00B2091F /* Default.png in Resources */ = {isa = PBXBuildFile; fileRef = 8C66ED4917DFC62B00B2091F /* Default.png */; };
		8C66ED4C17DFC63500B2091F /* Default@2x.png in Resources */ = {isa = PBXBuildFile; fileRef = 8C66ED4B17DFC63500B2091F /* Default@2x.png */; };
		8C66ED4E17DFC63B00B2091F /* Default-568h@2x.png in Resources */ = {isa = PBXBuildFile; fileRef = 8C66ED4D17DFC63A00B2091F /* Default-568h@2x.png */; };
		8C66ED5317E0E28100B2091F /* InfoViewController.m in Sources */ = {isa = PBXBuildFile; fileRef = 8C66ED5217E0E28100B2091F /* InfoViewController.m */; };
		8C66ED5617E0F14900B2091F /* FormsMenuViewController.m in Sources */ = {isa = PBXBuildFile; fileRef = 8C66ED5517E0F14800B2091F /* FormsMenuViewController.m */; };
		8C66ED5D17E2515100B2091F /* CustomNavigationBar.m in Sources */ = {isa = PBXBuildFile; fileRef = 8C66ED5C17E2515100B2091F /* CustomNavigationBar.m */; };
		8C66ED6417E5100700B2091F /* navBar-bg.png in Resources */ = {isa = PBXBuildFile; fileRef = 8C66ED6217E5100400B2091F /* navBar-bg.png */; };
		8C66ED6517E5100700B2091F /* navBar-bg@2x.png in Resources */ = {isa = PBXBuildFile; fileRef = 8C66ED6317E5100500B2091F /* navBar-bg@2x.png */; };
		8C66ED6A17E516F000B2091F /* bottom-cell-bg.png in Resources */ = {isa = PBXBuildFile; fileRef = 8C66ED6617E516EF00B2091F /* bottom-cell-bg.png */; };
		8C66ED6B17E516F000B2091F /* bottom-cell-bg@2x.png in Resources */ = {isa = PBXBuildFile; fileRef = 8C66ED6717E516EF00B2091F /* bottom-cell-bg@2x.png */; };
		8C66ED7417E5180300B2091F /* top-cell-bg.png in Resources */ = {isa = PBXBuildFile; fileRef = 8C66ED7017E517FE00B2091F /* top-cell-bg.png */; };
		8C66ED7517E5180300B2091F /* top-cell-bg@2x.png in Resources */ = {isa = PBXBuildFile; fileRef = 8C66ED7117E5180000B2091F /* top-cell-bg@2x.png */; };
		8C66ED7817E518D500B2091F /* middle-cell-bg.png in Resources */ = {isa = PBXBuildFile; fileRef = 8C66ED7617E518BF00B2091F /* middle-cell-bg.png */; };
		8C66ED7917E518D500B2091F /* middle-cell-bg@2x.png in Resources */ = {isa = PBXBuildFile; fileRef = 8C66ED7717E518C700B2091F /* middle-cell-bg@2x.png */; };
		8C9C3AD116CC60D000F95A6B /* UIKit.framework in Frameworks */ = {isa = PBXBuildFile; fileRef = 8C9C3AD016CC60D000F95A6B /* UIKit.framework */; };
		8C9C3AD316CC60D000F95A6B /* Foundation.framework in Frameworks */ = {isa = PBXBuildFile; fileRef = 8C9C3AD216CC60D000F95A6B /* Foundation.framework */; };
		8C9C3AD516CC60D000F95A6B /* CoreGraphics.framework in Frameworks */ = {isa = PBXBuildFile; fileRef = 8C9C3AD416CC60D000F95A6B /* CoreGraphics.framework */; };
		8C9C3ADB16CC60D000F95A6B /* InfoPlist.strings in Resources */ = {isa = PBXBuildFile; fileRef = 8C9C3AD916CC60D000F95A6B /* InfoPlist.strings */; };
		8C9C3ADD16CC60D000F95A6B /* main.m in Sources */ = {isa = PBXBuildFile; fileRef = 8C9C3ADC16CC60D000F95A6B /* main.m */; };
		8C9C3AE116CC60D000F95A6B /* WCEAppDelegate.m in Sources */ = {isa = PBXBuildFile; fileRef = 8C9C3AE016CC60D000F95A6B /* WCEAppDelegate.m */; };
		8C9C3AEA16CC60D000F95A6B /* MainStoryboard.storyboard in Resources */ = {isa = PBXBuildFile; fileRef = 8C9C3AE816CC60D000F95A6B /* MainStoryboard.storyboard */; };
		8CA9678B17AC4130003C3B70 /* DataAccess.m in Sources */ = {isa = PBXBuildFile; fileRef = 8CA9678A17AC4130003C3B70 /* DataAccess.m */; };
		8CB0441916DC47910000AD0F /* LocationMapViewController.m in Sources */ = {isa = PBXBuildFile; fileRef = 8CB0441816DC47910000AD0F /* LocationMapViewController.m */; };
		8CCEF95717CE66C500DD52AA /* Evaluation.m in Sources */ = {isa = PBXBuildFile; fileRef = 8CCEF95617CE66C500DD52AA /* Evaluation.m */; };
		8CCEF95A17CEA57400DD52AA /* ImpQuestions.m in Sources */ = {isa = PBXBuildFile; fileRef = 8CCEF95917CEA57400DD52AA /* ImpQuestions.m */; };
		8CCEF95D17CEBA9A00DD52AA /* Order.m in Sources */ = {isa = PBXBuildFile; fileRef = 8CCEF95C17CEBA9A00DD52AA /* Order.m */; };
		8CD27FEE1720BC6B00973A04 /* User.m in Sources */ = {isa = PBXBuildFile; fileRef = 8CD27FED1720BC6B00973A04 /* User.m */; };
		8CD27FF31728354500973A04 /* PartnerViewController.m in Sources */ = {isa = PBXBuildFile; fileRef = 8CD27FF21728354400973A04 /* PartnerViewController.m */; };
		8CDF7C2B183092F1004D0C37 /* Wce.db in Resources */ = {isa = PBXBuildFile; fileRef = 8CDF7C2A183092F1004D0C37 /* Wce.db */; };
		9E2476DD16E27D9C0049ED27 /* WCE Content V5.png in Resources */ = {isa = PBXBuildFile; fileRef = 9E2476DC16E27D9C0049ED27 /* WCE Content V5.png */; };
		9E4B58C216FBD95F007BE176 /* CoverSheetViewController.m in Sources */ = {isa = PBXBuildFile; fileRef = 9E4B58C116FBD95F007BE176 /* CoverSheetViewController.m */; };
		9ED3259D16DD53FF00EA38E0 /* AddressAnnotation.m in Sources */ = {isa = PBXBuildFile; fileRef = 9ED3259C16DD53FF00EA38E0 /* AddressAnnotation.m */; };
		9ED3259F16DD5D4C00EA38E0 /* MapKit.framework in Frameworks */ = {isa = PBXBuildFile; fileRef = 9ED3259E16DD5D4C00EA38E0 /* MapKit.framework */; };
		9ED695B316E28332005D1EDB /* WCE Content V5 copy.png in Resources */ = {isa = PBXBuildFile; fileRef = 9ED695B216E28332005D1EDB /* WCE Content V5 copy.png */; };
		D02C62FA1723112B005D92AB /* CoreLocation.framework in Frameworks */ = {isa = PBXBuildFile; fileRef = D02C62F91723112B005D92AB /* CoreLocation.framework */; };
		D058DCDB16FBD2A300132041 /* AboutWCEViewController.m in Sources */ = {isa = PBXBuildFile; fileRef = D058DCDA16FBD2A300132041 /* AboutWCEViewController.m */; };
		D0F334B4172AC38E006BACED /* WCETabBarController.m in Sources */ = {isa = PBXBuildFile; fileRef = D0F334B3172AC38E006BACED /* WCETabBarController.m */; };
		D0F745F41730A59300C9EC5F /* WCEContentViewController.m in Sources */ = {isa = PBXBuildFile; fileRef = D0F745F31730A59300C9EC5F /* WCEContentViewController.m */; };
		D0F745F71730AB3B00C9EC5F /* ChangePassViewController.m in Sources */ = {isa = PBXBuildFile; fileRef = D0F745F61730AB3B00C9EC5F /* ChangePassViewController.m */; };
		FA44558116E284E900D08750 /* WCE Content V5 NEW.png in Resources */ = {isa = PBXBuildFile; fileRef = FA44558016E284E900D08750 /* WCE Content V5 NEW.png */; };
		FA507FC5187CF9AA008F52A2 /* CHCSVParser.m in Sources */ = {isa = PBXBuildFile; fileRef = FA507FC4187CF9AA008F52A2 /* CHCSVParser.m */; };
		FA98E2941722F9EE005EC158 /* OrderFormViewController.m in Sources */ = {isa = PBXBuildFile; fileRef = FA98E2931722F9EE005EC158 /* OrderFormViewController.m */; };
		FA98E2971726062F005EC158 /* NewPartnerViewController.m in Sources */ = {isa = PBXBuildFile; fileRef = FA98E2961726062F005EC158 /* NewPartnerViewController.m */; };
/* End PBXBuildFile section */

/* Begin PBXFileReference section */
		8C03243216DC41850089CB81 /* AddLocationViewController.h */ = {isa = PBXFileReference; fileEncoding = 4; lastKnownFileType = sourcecode.c.h; name = AddLocationViewController.h; path = ViewControllers/AddLocation/AddLocationViewController.h; sourceTree = "<group>"; };
		8C03243316DC41850089CB81 /* AddLocationViewController.m */ = {isa = PBXFileReference; fileEncoding = 4; lastKnownFileType = sourcecode.c.objc; name = AddLocationViewController.m; path = ViewControllers/AddLocation/AddLocationViewController.m; sourceTree = "<group>"; };
		8C1B2974172A131600D359D4 /* ImplementationViewController.h */ = {isa = PBXFileReference; fileEncoding = 4; lastKnownFileType = sourcecode.c.h; name = ImplementationViewController.h; path = "ViewControllers/Forms/Implementation Form/ImplementationViewController.h"; sourceTree = "<group>"; };
		8C1B2975172A131600D359D4 /* ImplementationViewController.m */ = {isa = PBXFileReference; fileEncoding = 4; lastKnownFileType = sourcecode.c.objc; name = ImplementationViewController.m; path = "ViewControllers/Forms/Implementation Form/ImplementationViewController.m"; sourceTree = "<group>"; };
		8C1B2977172A187700D359D4 /* FormsViewController.h */ = {isa = PBXFileReference; fileEncoding = 4; lastKnownFileType = sourcecode.c.h; name = FormsViewController.h; path = ViewControllers/Forms/FormsViewController.h; sourceTree = "<group>"; };
		8C1B2978172A187700D359D4 /* FormsViewController.m */ = {isa = PBXFileReference; fileEncoding = 4; lastKnownFileType = sourcecode.c.objc; name = FormsViewController.m; path = ViewControllers/Forms/FormsViewController.m; sourceTree = "<group>"; };
		8C25886917EA580F0000EA7F /* button-bg.png */ = {isa = PBXFileReference; lastKnownFileType = image.png; name = "button-bg.png"; path = "Supporting Files/Buttons/button-bg.png"; sourceTree = "<group>"; };
		8C25886A17EA580F0000EA7F /* button-bg@2x.png */ = {isa = PBXFileReference; lastKnownFileType = image.png; name = "button-bg@2x.png"; path = "Supporting Files/Buttons/button-bg@2x.png"; sourceTree = "<group>"; };
		8C25886D17EA69070000EA7F /* wce-logo-mod.png */ = {isa = PBXFileReference; lastKnownFileType = image.png; name = "wce-logo-mod.png"; path = "Supporting Files/wce-logo-mod.png"; sourceTree = "<group>"; };
		8C25886F17EB85AB0000EA7F /* disclosure-check-green@2x.png */ = {isa = PBXFileReference; lastKnownFileType = image.png; name = "disclosure-check-green@2x.png"; path = "Supporting Files/Tableview images/disclosure-check-green@2x.png"; sourceTree = "<group>"; };
		8C25887017EB85AB0000EA7F /* disclosure-check-green.png */ = {isa = PBXFileReference; lastKnownFileType = image.png; name = "disclosure-check-green.png"; path = "Supporting Files/Tableview images/disclosure-check-green.png"; sourceTree = "<group>"; };
		8C25887117EB85AB0000EA7F /* disclosure-check-yellow.png */ = {isa = PBXFileReference; lastKnownFileType = image.png; name = "disclosure-check-yellow.png"; path = "Supporting Files/Tableview images/disclosure-check-yellow.png"; sourceTree = "<group>"; };
		8C25887217EB85AB0000EA7F /* disclosure-check-yellow@2x.png */ = {isa = PBXFileReference; lastKnownFileType = image.png; name = "disclosure-check-yellow@2x.png"; path = "Supporting Files/Tableview images/disclosure-check-yellow@2x.png"; sourceTree = "<group>"; };
		8C25887717EB99F50000EA7F /* edit-disclosure.png */ = {isa = PBXFileReference; lastKnownFileType = image.png; name = "edit-disclosure.png"; path = "Supporting Files/Tableview images/edit-disclosure.png"; sourceTree = "<group>"; };
		8C25887817EB99F60000EA7F /* edit-disclosure@2x.png */ = {isa = PBXFileReference; lastKnownFileType = image.png; name = "edit-disclosure@2x.png"; path = "Supporting Files/Tableview images/edit-disclosure@2x.png"; sourceTree = "<group>"; };
		8C25887D17ECA2600000EA7F /* CFNetwork.framework */ = {isa = PBXFileReference; lastKnownFileType = wrapper.framework; name = CFNetwork.framework; path = System/Library/Frameworks/CFNetwork.framework; sourceTree = SDKROOT; };
		8C25887F17ECA2710000EA7F /* QuartzCore.framework */ = {isa = PBXFileReference; lastKnownFileType = wrapper.framework; name = QuartzCore.framework; path = System/Library/Frameworks/QuartzCore.framework; sourceTree = SDKROOT; };
		8C25889717EE3D3D0000EA7F /* middle-cell-bg-selected@2x.png */ = {isa = PBXFileReference; lastKnownFileType = image.png; name = "middle-cell-bg-selected@2x.png"; path = "Supporting Files/Tableview images/middle-cell-bg-selected@2x.png"; sourceTree = "<group>"; };
		8C25889817EE3D3D0000EA7F /* middle-cell-bg-selected.png */ = {isa = PBXFileReference; lastKnownFileType = image.png; name = "middle-cell-bg-selected.png"; path = "Supporting Files/Tableview images/middle-cell-bg-selected.png"; sourceTree = "<group>"; };
		8C25889B17EE3E7B0000EA7F /* solo-cell-bg-selected@2x.png */ = {isa = PBXFileReference; lastKnownFileType = image.png; name = "solo-cell-bg-selected@2x.png"; path = "Supporting Files/Tableview images/solo-cell-bg-selected@2x.png"; sourceTree = "<group>"; };
		8C25889C17EE3E7C0000EA7F /* solo-cell-bg-selected.png */ = {isa = PBXFileReference; lastKnownFileType = image.png; name = "solo-cell-bg-selected.png"; path = "Supporting Files/Tableview images/solo-cell-bg-selected.png"; sourceTree = "<group>"; };
		8C25889F17EE3F170000EA7F /* top-cell-bg-selected@2x.png */ = {isa = PBXFileReference; lastKnownFileType = image.png; name = "top-cell-bg-selected@2x.png"; path = "Supporting Files/Tableview images/top-cell-bg-selected@2x.png"; sourceTree = "<group>"; };
		8C2588A017EE3F170000EA7F /* top-cell-bg-selected.png */ = {isa = PBXFileReference; lastKnownFileType = image.png; name = "top-cell-bg-selected.png"; path = "Supporting Files/Tableview images/top-cell-bg-selected.png"; sourceTree = "<group>"; };
		8C2588A317EE3F7E0000EA7F /* bottom-cell-bg-selected@2x.png */ = {isa = PBXFileReference; lastKnownFileType = image.png; name = "bottom-cell-bg-selected@2x.png"; path = "Supporting Files/Tableview images/bottom-cell-bg-selected@2x.png"; sourceTree = "<group>"; };
		8C2588A417EE3F7E0000EA7F /* bottom-cell-bg-selected.png */ = {isa = PBXFileReference; lastKnownFileType = image.png; name = "bottom-cell-bg-selected.png"; path = "Supporting Files/Tableview images/bottom-cell-bg-selected.png"; sourceTree = "<group>"; };
		8C27586916CC820E00DEDAC8 /* LoginViewController.h */ = {isa = PBXFileReference; fileEncoding = 4; lastKnownFileType = sourcecode.c.h; name = LoginViewController.h; path = ViewControllers/Login/LoginViewController.h; sourceTree = "<group>"; };
		8C27586A16CC820E00DEDAC8 /* LoginViewController.m */ = {isa = PBXFileReference; fileEncoding = 4; lastKnownFileType = sourcecode.c.objc; name = LoginViewController.m; path = ViewControllers/Login/LoginViewController.m; sourceTree = "<group>"; };
		8C27586C16CC828F00DEDAC8 /* LocationViewController.h */ = {isa = PBXFileReference; fileEncoding = 4; lastKnownFileType = sourcecode.c.h; name = LocationViewController.h; path = ViewControllers/Location/LocationViewController.h; sourceTree = "<group>"; };
		8C27586D16CC828F00DEDAC8 /* LocationViewController.m */ = {isa = PBXFileReference; fileEncoding = 4; lastKnownFileType = sourcecode.c.objc; name = LocationViewController.m; path = ViewControllers/Location/LocationViewController.m; sourceTree = "<group>"; };
		8C2AE38C17C90D6B00C00BAF /* Partner.h */ = {isa = PBXFileReference; fileEncoding = 4; lastKnownFileType = sourcecode.c.h; name = Partner.h; path = "Objects/Data Objects/Partner.h"; sourceTree = "<group>"; };
		8C2AE38D17C90D6B00C00BAF /* Partner.m */ = {isa = PBXFileReference; fileEncoding = 4; lastKnownFileType = sourcecode.c.objc; name = Partner.m; path = "Objects/Data Objects/Partner.m"; sourceTree = "<group>"; };
		8C2AE38F17CD52DB00C00BAF /* CoverSheet.h */ = {isa = PBXFileReference; fileEncoding = 4; lastKnownFileType = sourcecode.c.h; name = CoverSheet.h; path = Objects/Forms/CoverSheet.h; sourceTree = "<group>"; };
		8C2AE39017CD52DB00C00BAF /* CoverSheet.m */ = {isa = PBXFileReference; fileEncoding = 4; lastKnownFileType = sourcecode.c.objc; name = CoverSheet.m; path = Objects/Forms/CoverSheet.m; sourceTree = "<group>"; };
		8C32DF4316E26BB8005AFA89 /* Location.h */ = {isa = PBXFileReference; fileEncoding = 4; lastKnownFileType = sourcecode.c.h; name = Location.h; path = "Objects/Data Objects/Location.h"; sourceTree = "<group>"; };
		8C32DF4416E26BB8005AFA89 /* Location.m */ = {isa = PBXFileReference; fileEncoding = 4; lastKnownFileType = sourcecode.c.objc; name = Location.m; path = "Objects/Data Objects/Location.m"; sourceTree = "<group>"; };
		8C38594C173AC558003A323B /* libsqlite3.0.dylib */ = {isa = PBXFileReference; lastKnownFileType = "compiled.mach-o.dylib"; name = libsqlite3.0.dylib; path = usr/lib/libsqlite3.0.dylib; sourceTree = SDKROOT; };
		8C385950173AF07C003A323B /* Icon@2x.png */ = {isa = PBXFileReference; lastKnownFileType = image.png; name = "Icon@2x.png"; path = "Supporting Files/Icons/Icon@2x.png"; sourceTree = "<group>"; };
		8C385952173AF15C003A323B /* Icon.png */ = {isa = PBXFileReference; lastKnownFileType = image.png; name = Icon.png; path = "Supporting Files/Icons/Icon.png"; sourceTree = "<group>"; };
		8C38595417417FF5003A323B /* MainMenuViewController.h */ = {isa = PBXFileReference; fileEncoding = 4; lastKnownFileType = sourcecode.c.h; name = MainMenuViewController.h; path = ViewControllers/MainMenu/MainMenuViewController.h; sourceTree = "<group>"; };
		8C38595517417FF5003A323B /* MainMenuViewController.m */ = {isa = PBXFileReference; fileEncoding = 4; lastKnownFileType = sourcecode.c.objc; name = MainMenuViewController.m; path = ViewControllers/MainMenu/MainMenuViewController.m; sourceTree = "<group>"; };
		8C4C7B731735A6CD00ED3E82 /* LocationListIcon.png */ = {isa = PBXFileReference; lastKnownFileType = image.png; name = LocationListIcon.png; path = "Supporting Files/Tab Bar Icons/LocationListIcon.png"; sourceTree = "<group>"; };
		8C4C7B751735A6D400ED3E82 /* LocationListIcon@2x.png */ = {isa = PBXFileReference; lastKnownFileType = image.png; name = "LocationListIcon@2x.png"; path = "Supporting Files/Tab Bar Icons/LocationListIcon@2x.png"; sourceTree = "<group>"; };
		8C4C7B7B1735A9B000ED3E82 /* MapIcon@2x.png */ = {isa = PBXFileReference; lastKnownFileType = image.png; name = "MapIcon@2x.png"; path = "Supporting Files/Tab Bar Icons/MapIcon@2x.png"; sourceTree = "<group>"; };
		8C4C7B7F1735AB8000ED3E82 /* MapIcon.png */ = {isa = PBXFileReference; lastKnownFileType = image.png; name = MapIcon.png; path = "Supporting Files/Tab Bar Icons/MapIcon.png"; sourceTree = "<group>"; };
		8C4C7B831736D46100ED3E82 /* EvaluationViewController.h */ = {isa = PBXFileReference; fileEncoding = 4; lastKnownFileType = sourcecode.c.h; name = EvaluationViewController.h; path = "ViewControllers/Forms/Evaluation Form/EvaluationViewController.h"; sourceTree = "<group>"; };
		8C4C7B841736D46200ED3E82 /* EvaluationViewController.m */ = {isa = PBXFileReference; fileEncoding = 4; lastKnownFileType = sourcecode.c.objc; name = EvaluationViewController.m; path = "ViewControllers/Forms/Evaluation Form/EvaluationViewController.m"; sourceTree = "<group>"; };
		8C4C7B8717373C1000ED3E82 /* WCEWebViewController.h */ = {isa = PBXFileReference; fileEncoding = 4; lastKnownFileType = sourcecode.c.h; name = WCEWebViewController.h; path = ViewControllers/AboutWCE/WCEWebViewController.h; sourceTree = "<group>"; };
		8C4C7B8817373C1000ED3E82 /* WCEWebViewController.m */ = {isa = PBXFileReference; fileEncoding = 4; lastKnownFileType = sourcecode.c.objc; name = WCEWebViewController.m; path = ViewControllers/AboutWCE/WCEWebViewController.m; sourceTree = "<group>"; };
		8C66ECB517D54DD900B2091F /* CustomCell.h */ = {isa = PBXFileReference; fileEncoding = 4; lastKnownFileType = sourcecode.c.h; name = CustomCell.h; path = UIComponents/CustomCell.h; sourceTree = "<group>"; };
		8C66ECB617D54DD900B2091F /* CustomCell.m */ = {isa = PBXFileReference; fileEncoding = 4; lastKnownFileType = sourcecode.c.objc; name = CustomCell.m; path = UIComponents/CustomCell.m; sourceTree = "<group>"; };
		8C66ED1B17DE548400B2091F /* FMDatabase.h */ = {isa = PBXFileReference; fileEncoding = 4; lastKnownFileType = sourcecode.c.h; name = FMDatabase.h; path = Fmdb/FMDatabase.h; sourceTree = "<group>"; };
		8C66ED1C17DE548400B2091F /* FMDatabase.m */ = {isa = PBXFileReference; fileEncoding = 4; lastKnownFileType = sourcecode.c.objc; name = FMDatabase.m; path = Fmdb/FMDatabase.m; sourceTree = "<group>"; };
		8C66ED1E17DE549A00B2091F /* FMResultSet.h */ = {isa = PBXFileReference; fileEncoding = 4; lastKnownFileType = sourcecode.c.h; name = FMResultSet.h; path = Fmdb/FMResultSet.h; sourceTree = "<group>"; };
		8C66ED1F17DE549A00B2091F /* FMResultSet.m */ = {isa = PBXFileReference; fileEncoding = 4; lastKnownFileType = sourcecode.c.objc; name = FMResultSet.m; path = Fmdb/FMResultSet.m; sourceTree = "<group>"; };
		8C66ED2117DE558300B2091F /* FMDatabasePool.h */ = {isa = PBXFileReference; fileEncoding = 4; lastKnownFileType = sourcecode.c.h; name = FMDatabasePool.h; path = Fmdb/FMDatabasePool.h; sourceTree = "<group>"; };
		8C66ED2217DE558300B2091F /* FMDatabasePool.m */ = {isa = PBXFileReference; fileEncoding = 4; lastKnownFileType = sourcecode.c.objc; name = FMDatabasePool.m; path = Fmdb/FMDatabasePool.m; sourceTree = "<group>"; };
		8C66ED3917DFACA000B2091F /* solo-cell-bg.png */ = {isa = PBXFileReference; lastKnownFileType = image.png; name = "solo-cell-bg.png"; path = "Supporting Files/Tableview images/solo-cell-bg.png"; sourceTree = "<group>"; };
		8C66ED3A17DFACA100B2091F /* solo-cell-bg@2x.png */ = {isa = PBXFileReference; lastKnownFileType = image.png; name = "solo-cell-bg@2x.png"; path = "Supporting Files/Tableview images/solo-cell-bg@2x.png"; sourceTree = "<group>"; };
		8C66ED4917DFC62B00B2091F /* Default.png */ = {isa = PBXFileReference; lastKnownFileType = image.png; name = Default.png; path = "Supporting Files/Backgrounds/Default.png"; sourceTree = "<group>"; };
		8C66ED4B17DFC63500B2091F /* Default@2x.png */ = {isa = PBXFileReference; lastKnownFileType = image.png; name = "Default@2x.png"; path = "Supporting Files/Backgrounds/Default@2x.png"; sourceTree = "<group>"; };
		8C66ED4D17DFC63A00B2091F /* Default-568h@2x.png */ = {isa = PBXFileReference; lastKnownFileType = image.png; name = "Default-568h@2x.png"; path = "Supporting Files/Backgrounds/Default-568h@2x.png"; sourceTree = "<group>"; };
		8C66ED5117E0E28100B2091F /* InfoViewController.h */ = {isa = PBXFileReference; fileEncoding = 4; lastKnownFileType = sourcecode.c.h; name = InfoViewController.h; path = ViewControllers/Info/InfoViewController.h; sourceTree = "<group>"; };
		8C66ED5217E0E28100B2091F /* InfoViewController.m */ = {isa = PBXFileReference; fileEncoding = 4; lastKnownFileType = sourcecode.c.objc; name = InfoViewController.m; path = ViewControllers/Info/InfoViewController.m; sourceTree = "<group>"; };
		8C66ED5417E0F14800B2091F /* FormsMenuViewController.h */ = {isa = PBXFileReference; fileEncoding = 4; lastKnownFileType = sourcecode.c.h; name = FormsMenuViewController.h; path = ViewControllers/Forms/FormsMenuViewController.h; sourceTree = "<group>"; };
		8C66ED5517E0F14800B2091F /* FormsMenuViewController.m */ = {isa = PBXFileReference; fileEncoding = 4; lastKnownFileType = sourcecode.c.objc; name = FormsMenuViewController.m; path = ViewControllers/Forms/FormsMenuViewController.m; sourceTree = "<group>"; };
		8C66ED5B17E2515100B2091F /* CustomNavigationBar.h */ = {isa = PBXFileReference; fileEncoding = 4; lastKnownFileType = sourcecode.c.h; name = CustomNavigationBar.h; path = UIComponents/CustomNavigationBar.h; sourceTree = "<group>"; };
		8C66ED5C17E2515100B2091F /* CustomNavigationBar.m */ = {isa = PBXFileReference; fileEncoding = 4; lastKnownFileType = sourcecode.c.objc; name = CustomNavigationBar.m; path = UIComponents/CustomNavigationBar.m; sourceTree = "<group>"; };
		8C66ED6217E5100400B2091F /* navBar-bg.png */ = {isa = PBXFileReference; lastKnownFileType = image.png; name = "navBar-bg.png"; path = "Supporting Files/Nav Bar Images/navBar-bg.png"; sourceTree = "<group>"; };
		8C66ED6317E5100500B2091F /* navBar-bg@2x.png */ = {isa = PBXFileReference; lastKnownFileType = image.png; name = "navBar-bg@2x.png"; path = "Supporting Files/Nav Bar Images/navBar-bg@2x.png"; sourceTree = "<group>"; };
		8C66ED6617E516EF00B2091F /* bottom-cell-bg.png */ = {isa = PBXFileReference; lastKnownFileType = image.png; name = "bottom-cell-bg.png"; path = "Supporting Files/Tableview images/bottom-cell-bg.png"; sourceTree = "<group>"; };
		8C66ED6717E516EF00B2091F /* bottom-cell-bg@2x.png */ = {isa = PBXFileReference; lastKnownFileType = image.png; name = "bottom-cell-bg@2x.png"; path = "Supporting Files/Tableview images/bottom-cell-bg@2x.png"; sourceTree = "<group>"; };
		8C66ED7017E517FE00B2091F /* top-cell-bg.png */ = {isa = PBXFileReference; lastKnownFileType = image.png; name = "top-cell-bg.png"; path = "Supporting Files/Tableview images/top-cell-bg.png"; sourceTree = "<group>"; };
		8C66ED7117E5180000B2091F /* top-cell-bg@2x.png */ = {isa = PBXFileReference; lastKnownFileType = image.png; name = "top-cell-bg@2x.png"; path = "Supporting Files/Tableview images/top-cell-bg@2x.png"; sourceTree = "<group>"; };
		8C66ED7617E518BF00B2091F /* middle-cell-bg.png */ = {isa = PBXFileReference; lastKnownFileType = image.png; name = "middle-cell-bg.png"; path = "Supporting Files/Tableview images/middle-cell-bg.png"; sourceTree = "<group>"; };
		8C66ED7717E518C700B2091F /* middle-cell-bg@2x.png */ = {isa = PBXFileReference; lastKnownFileType = image.png; name = "middle-cell-bg@2x.png"; path = "Supporting Files/Tableview images/middle-cell-bg@2x.png"; sourceTree = "<group>"; };
		8C9C3ACC16CC60D000F95A6B /* WCE.app */ = {isa = PBXFileReference; explicitFileType = wrapper.application; includeInIndex = 0; path = WCE.app; sourceTree = BUILT_PRODUCTS_DIR; };
		8C9C3AD016CC60D000F95A6B /* UIKit.framework */ = {isa = PBXFileReference; lastKnownFileType = wrapper.framework; name = UIKit.framework; path = System/Library/Frameworks/UIKit.framework; sourceTree = SDKROOT; };
		8C9C3AD216CC60D000F95A6B /* Foundation.framework */ = {isa = PBXFileReference; lastKnownFileType = wrapper.framework; name = Foundation.framework; path = System/Library/Frameworks/Foundation.framework; sourceTree = SDKROOT; };
		8C9C3AD416CC60D000F95A6B /* CoreGraphics.framework */ = {isa = PBXFileReference; lastKnownFileType = wrapper.framework; name = CoreGraphics.framework; path = System/Library/Frameworks/CoreGraphics.framework; sourceTree = SDKROOT; };
		8C9C3AD816CC60D000F95A6B /* WCE-Info.plist */ = {isa = PBXFileReference; lastKnownFileType = text.plist.xml; path = "WCE-Info.plist"; sourceTree = "<group>"; };
		8C9C3ADA16CC60D000F95A6B /* en */ = {isa = PBXFileReference; lastKnownFileType = text.plist.strings; name = en; path = en.lproj/InfoPlist.strings; sourceTree = "<group>"; };
		8C9C3ADC16CC60D000F95A6B /* main.m */ = {isa = PBXFileReference; lastKnownFileType = sourcecode.c.objc; path = main.m; sourceTree = "<group>"; };
		8C9C3ADE16CC60D000F95A6B /* WCE-Prefix.pch */ = {isa = PBXFileReference; lastKnownFileType = sourcecode.c.h; path = "WCE-Prefix.pch"; sourceTree = "<group>"; };
		8C9C3ADF16CC60D000F95A6B /* WCEAppDelegate.h */ = {isa = PBXFileReference; lastKnownFileType = sourcecode.c.h; path = WCEAppDelegate.h; sourceTree = "<group>"; };
		8C9C3AE016CC60D000F95A6B /* WCEAppDelegate.m */ = {isa = PBXFileReference; lastKnownFileType = sourcecode.c.objc; path = WCEAppDelegate.m; sourceTree = "<group>"; };
		8C9C3AE916CC60D000F95A6B /* en */ = {isa = PBXFileReference; lastKnownFileType = file.storyboard; name = en; path = en.lproj/MainStoryboard.storyboard; sourceTree = "<group>"; };
		8CA9678917AC4130003C3B70 /* DataAccess.h */ = {isa = PBXFileReference; fileEncoding = 4; lastKnownFileType = sourcecode.c.h; name = DataAccess.h; path = Fmdb/DataAccess.h; sourceTree = "<group>"; };
		8CA9678A17AC4130003C3B70 /* DataAccess.m */ = {isa = PBXFileReference; fileEncoding = 4; lastKnownFileType = sourcecode.c.objc; name = DataAccess.m; path = Fmdb/DataAccess.m; sourceTree = "<group>"; };
		8CB0441716DC47910000AD0F /* LocationMapViewController.h */ = {isa = PBXFileReference; fileEncoding = 4; lastKnownFileType = sourcecode.c.h; name = LocationMapViewController.h; path = ViewControllers/LocationMap/LocationMapViewController.h; sourceTree = "<group>"; };
		8CB0441816DC47910000AD0F /* LocationMapViewController.m */ = {isa = PBXFileReference; fileEncoding = 4; lastKnownFileType = sourcecode.c.objc; name = LocationMapViewController.m; path = ViewControllers/LocationMap/LocationMapViewController.m; sourceTree = "<group>"; };
		8CCEF95517CE66C500DD52AA /* Evaluation.h */ = {isa = PBXFileReference; fileEncoding = 4; lastKnownFileType = sourcecode.c.h; name = Evaluation.h; path = Objects/Forms/Evaluation.h; sourceTree = "<group>"; };
		8CCEF95617CE66C500DD52AA /* Evaluation.m */ = {isa = PBXFileReference; fileEncoding = 4; lastKnownFileType = sourcecode.c.objc; name = Evaluation.m; path = Objects/Forms/Evaluation.m; sourceTree = "<group>"; };
		8CCEF95817CEA57400DD52AA /* ImpQuestions.h */ = {isa = PBXFileReference; fileEncoding = 4; lastKnownFileType = sourcecode.c.h; name = ImpQuestions.h; path = Objects/Forms/ImpQuestions.h; sourceTree = "<group>"; };
		8CCEF95917CEA57400DD52AA /* ImpQuestions.m */ = {isa = PBXFileReference; fileEncoding = 4; lastKnownFileType = sourcecode.c.objc; name = ImpQuestions.m; path = Objects/Forms/ImpQuestions.m; sourceTree = "<group>"; };
		8CCEF95B17CEBA9A00DD52AA /* Order.h */ = {isa = PBXFileReference; fileEncoding = 4; lastKnownFileType = sourcecode.c.h; name = Order.h; path = Objects/Forms/Order.h; sourceTree = "<group>"; };
		8CCEF95C17CEBA9A00DD52AA /* Order.m */ = {isa = PBXFileReference; fileEncoding = 4; lastKnownFileType = sourcecode.c.objc; name = Order.m; path = Objects/Forms/Order.m; sourceTree = "<group>"; };
		8CD27FEC1720BC6B00973A04 /* User.h */ = {isa = PBXFileReference; fileEncoding = 4; lastKnownFileType = sourcecode.c.h; name = User.h; path = "Objects/Data Objects/User.h"; sourceTree = "<group>"; };
		8CD27FED1720BC6B00973A04 /* User.m */ = {isa = PBXFileReference; fileEncoding = 4; lastKnownFileType = sourcecode.c.objc; name = User.m; path = "Objects/Data Objects/User.m"; sourceTree = "<group>"; };
		8CD27FF11728354400973A04 /* PartnerViewController.h */ = {isa = PBXFileReference; fileEncoding = 4; lastKnownFileType = sourcecode.c.h; name = PartnerViewController.h; path = ViewControllers/Partner/PartnerViewController.h; sourceTree = "<group>"; };
		8CD27FF21728354400973A04 /* PartnerViewController.m */ = {isa = PBXFileReference; fileEncoding = 4; lastKnownFileType = sourcecode.c.objc; name = PartnerViewController.m; path = ViewControllers/Partner/PartnerViewController.m; sourceTree = "<group>"; };
		8CDF7C2818304141004D0C37 /* LoginViewControllerDelegate.h */ = {isa = PBXFileReference; lastKnownFileType = sourcecode.c.h; name = LoginViewControllerDelegate.h; path = ViewControllers/Login/LoginViewControllerDelegate.h; sourceTree = "<group>"; };
		8CDF7C2A183092F1004D0C37 /* Wce.db */ = {isa = PBXFileReference; lastKnownFileType = file; name = Wce.db; path = "Supporting Files/Wce.db"; sourceTree = "<group>"; };
		9E2476DC16E27D9C0049ED27 /* WCE Content V5.png */ = {isa = PBXFileReference; lastKnownFileType = image.png; name = "WCE Content V5.png"; path = "Supporting Files/Content images/WCE Content V5.png"; sourceTree = "<group>"; };
		9E4B58C016FBD95F007BE176 /* CoverSheetViewController.h */ = {isa = PBXFileReference; fileEncoding = 4; lastKnownFileType = sourcecode.c.h; name = CoverSheetViewController.h; path = "ViewControllers/Forms/Cover Sheet/CoverSheetViewController.h"; sourceTree = "<group>"; };
		9E4B58C116FBD95F007BE176 /* CoverSheetViewController.m */ = {isa = PBXFileReference; fileEncoding = 4; lastKnownFileType = sourcecode.c.objc; name = CoverSheetViewController.m; path = "ViewControllers/Forms/Cover Sheet/CoverSheetViewController.m"; sourceTree = "<group>"; };
		9ED3259B16DD53FF00EA38E0 /* AddressAnnotation.h */ = {isa = PBXFileReference; fileEncoding = 4; lastKnownFileType = sourcecode.c.h; name = AddressAnnotation.h; path = ViewControllers/LocationMap/AddressAnnotation.h; sourceTree = "<group>"; };
		9ED3259C16DD53FF00EA38E0 /* AddressAnnotation.m */ = {isa = PBXFileReference; fileEncoding = 4; lastKnownFileType = sourcecode.c.objc; name = AddressAnnotation.m; path = ViewControllers/LocationMap/AddressAnnotation.m; sourceTree = "<group>"; };
		9ED3259E16DD5D4C00EA38E0 /* MapKit.framework */ = {isa = PBXFileReference; lastKnownFileType = wrapper.framework; name = MapKit.framework; path = System/Library/Frameworks/MapKit.framework; sourceTree = SDKROOT; };
		9ED695B216E28332005D1EDB /* WCE Content V5 copy.png */ = {isa = PBXFileReference; lastKnownFileType = image.png; name = "WCE Content V5 copy.png"; path = "Supporting Files/Content images/WCE Content V5 copy.png"; sourceTree = "<group>"; };
		D02C62F91723112B005D92AB /* CoreLocation.framework */ = {isa = PBXFileReference; lastKnownFileType = wrapper.framework; name = CoreLocation.framework; path = System/Library/Frameworks/CoreLocation.framework; sourceTree = SDKROOT; };
		D058DCD916FBD2A300132041 /* AboutWCEViewController.h */ = {isa = PBXFileReference; fileEncoding = 4; lastKnownFileType = sourcecode.c.h; name = AboutWCEViewController.h; path = ViewControllers/AboutWCE/AboutWCEViewController.h; sourceTree = "<group>"; };
		D058DCDA16FBD2A300132041 /* AboutWCEViewController.m */ = {isa = PBXFileReference; fileEncoding = 4; lastKnownFileType = sourcecode.c.objc; name = AboutWCEViewController.m; path = ViewControllers/AboutWCE/AboutWCEViewController.m; sourceTree = "<group>"; };
		D0F334B2172AC38E006BACED /* WCETabBarController.h */ = {isa = PBXFileReference; fileEncoding = 4; lastKnownFileType = sourcecode.c.h; name = WCETabBarController.h; path = "ViewControllers/Tab Bar/WCETabBarController.h"; sourceTree = "<group>"; };
		D0F334B3172AC38E006BACED /* WCETabBarController.m */ = {isa = PBXFileReference; fileEncoding = 4; lastKnownFileType = sourcecode.c.objc; name = WCETabBarController.m; path = "ViewControllers/Tab Bar/WCETabBarController.m"; sourceTree = "<group>"; };
		D0F745F21730A59300C9EC5F /* WCEContentViewController.h */ = {isa = PBXFileReference; fileEncoding = 4; lastKnownFileType = sourcecode.c.h; name = WCEContentViewController.h; path = ViewControllers/Content/WCEContentViewController.h; sourceTree = "<group>"; };
		D0F745F31730A59300C9EC5F /* WCEContentViewController.m */ = {isa = PBXFileReference; fileEncoding = 4; lastKnownFileType = sourcecode.c.objc; name = WCEContentViewController.m; path = ViewControllers/Content/WCEContentViewController.m; sourceTree = "<group>"; };
		D0F745F51730AB3B00C9EC5F /* ChangePassViewController.h */ = {isa = PBXFileReference; fileEncoding = 4; lastKnownFileType = sourcecode.c.h; name = ChangePassViewController.h; path = ViewControllers/Login/ChangePassViewController.h; sourceTree = "<group>"; };
		D0F745F61730AB3B00C9EC5F /* ChangePassViewController.m */ = {isa = PBXFileReference; fileEncoding = 4; lastKnownFileType = sourcecode.c.objc; name = ChangePassViewController.m; path = ViewControllers/Login/ChangePassViewController.m; sourceTree = "<group>"; };
		FA44558016E284E900D08750 /* WCE Content V5 NEW.png */ = {isa = PBXFileReference; lastKnownFileType = image.png; name = "WCE Content V5 NEW.png"; path = "Supporting Files/Content images/WCE Content V5 NEW.png"; sourceTree = "<group>"; };
		FA507FC3187CF9AA008F52A2 /* CHCSVParser.h */ = {isa = PBXFileReference; fileEncoding = 4; lastKnownFileType = sourcecode.c.h; name = CHCSVParser.h; path = Fmdb/CHCSVParser.h; sourceTree = "<group>"; };
		FA507FC4187CF9AA008F52A2 /* CHCSVParser.m */ = {isa = PBXFileReference; fileEncoding = 4; lastKnownFileType = sourcecode.c.objc; name = CHCSVParser.m; path = Fmdb/CHCSVParser.m; sourceTree = "<group>"; };
		FA98E2921722F9EE005EC158 /* OrderFormViewController.h */ = {isa = PBXFileReference; fileEncoding = 4; lastKnownFileType = sourcecode.c.h; name = OrderFormViewController.h; path = "ViewControllers/Forms/Order Form/OrderFormViewController.h"; sourceTree = "<group>"; };
		FA98E2931722F9EE005EC158 /* OrderFormViewController.m */ = {isa = PBXFileReference; fileEncoding = 4; lastKnownFileType = sourcecode.c.objc; name = OrderFormViewController.m; path = "ViewControllers/Forms/Order Form/OrderFormViewController.m"; sourceTree = "<group>"; };
		FA98E2951726062F005EC158 /* NewPartnerViewController.h */ = {isa = PBXFileReference; fileEncoding = 4; lastKnownFileType = sourcecode.c.h; name = NewPartnerViewController.h; path = ViewControllers/AddPartner/NewPartnerViewController.h; sourceTree = "<group>"; };
		FA98E2961726062F005EC158 /* NewPartnerViewController.m */ = {isa = PBXFileReference; fileEncoding = 4; lastKnownFileType = sourcecode.c.objc; name = NewPartnerViewController.m; path = ViewControllers/AddPartner/NewPartnerViewController.m; sourceTree = "<group>"; };
/* End PBXFileReference section */

/* Begin PBXFrameworksBuildPhase section */
		8C9C3AC916CC60D000F95A6B /* Frameworks */ = {
			isa = PBXFrameworksBuildPhase;
			buildActionMask = 2147483647;
			files = (
				8C25888017ECA2720000EA7F /* QuartzCore.framework in Frameworks */,
				8C25887E17ECA2600000EA7F /* CFNetwork.framework in Frameworks */,
				8C38594D173AC558003A323B /* libsqlite3.0.dylib in Frameworks */,
				D02C62FA1723112B005D92AB /* CoreLocation.framework in Frameworks */,
				9ED3259F16DD5D4C00EA38E0 /* MapKit.framework in Frameworks */,
				8C9C3AD116CC60D000F95A6B /* UIKit.framework in Frameworks */,
				8C9C3AD316CC60D000F95A6B /* Foundation.framework in Frameworks */,
				8C9C3AD516CC60D000F95A6B /* CoreGraphics.framework in Frameworks */,
			);
			runOnlyForDeploymentPostprocessing = 0;
		};
/* End PBXFrameworksBuildPhase section */

/* Begin PBXGroup section */
		8C03243516DC424D0089CB81 /* AddLocation */ = {
			isa = PBXGroup;
			children = (
				8C03243216DC41850089CB81 /* AddLocationViewController.h */,
				8C03243316DC41850089CB81 /* AddLocationViewController.m */,
			);
			name = AddLocation;
			sourceTree = "<group>";
		};
		8C1B2972172A11BE00D359D4 /* Forms */ = {
			isa = PBXGroup;
			children = (
				8C66ED5417E0F14800B2091F /* FormsMenuViewController.h */,
				8C66ED5517E0F14800B2091F /* FormsMenuViewController.m */,
				8C1B2977172A187700D359D4 /* FormsViewController.h */,
				8C1B2978172A187700D359D4 /* FormsViewController.m */,
				8C4C7B861736D46A00ED3E82 /* Evaluation Form */,
				8C1B2973172A12AD00D359D4 /* Implementation Qs */,
				9E4B58C316FBD972007BE176 /* Cover Sheet */,
				FA98E2911722F986005EC158 /* Order Form */,
			);
			name = Forms;
			sourceTree = "<group>";
		};
		8C1B2973172A12AD00D359D4 /* Implementation Qs */ = {
			isa = PBXGroup;
			children = (
				8C1B2974172A131600D359D4 /* ImplementationViewController.h */,
				8C1B2975172A131600D359D4 /* ImplementationViewController.m */,
			);
			name = "Implementation Qs";
			sourceTree = "<group>";
		};
		8C25888117ED3A070000EA7F /* Tableview images */ = {
			isa = PBXGroup;
			children = (
				8C25888317ED3A570000EA7F /* disclosure images */,
				8C25888217ED3A370000EA7F /* cell images */,
			);
			name = "Tableview images";
			sourceTree = "<group>";
		};
		8C25888217ED3A370000EA7F /* cell images */ = {
			isa = PBXGroup;
			children = (
				8C25889717EE3D3D0000EA7F /* middle-cell-bg-selected@2x.png */,
				8C25889B17EE3E7B0000EA7F /* solo-cell-bg-selected@2x.png */,
				8C25889C17EE3E7C0000EA7F /* solo-cell-bg-selected.png */,
				8C25889817EE3D3D0000EA7F /* middle-cell-bg-selected.png */,
				8C2588A317EE3F7E0000EA7F /* bottom-cell-bg-selected@2x.png */,
				8C2588A417EE3F7E0000EA7F /* bottom-cell-bg-selected.png */,
				8C25889F17EE3F170000EA7F /* top-cell-bg-selected@2x.png */,
				8C2588A017EE3F170000EA7F /* top-cell-bg-selected.png */,
				8C66ED3917DFACA000B2091F /* solo-cell-bg.png */,
				8C66ED3A17DFACA100B2091F /* solo-cell-bg@2x.png */,
				8C66ED7617E518BF00B2091F /* middle-cell-bg.png */,
				8C66ED7717E518C700B2091F /* middle-cell-bg@2x.png */,
				8C66ED6617E516EF00B2091F /* bottom-cell-bg.png */,
				8C66ED6717E516EF00B2091F /* bottom-cell-bg@2x.png */,
				8C66ED7017E517FE00B2091F /* top-cell-bg.png */,
				8C66ED7117E5180000B2091F /* top-cell-bg@2x.png */,
			);
			name = "cell images";
			sourceTree = "<group>";
		};
		8C25888317ED3A570000EA7F /* disclosure images */ = {
			isa = PBXGroup;
			children = (
				8C25887717EB99F50000EA7F /* edit-disclosure.png */,
				8C25887817EB99F60000EA7F /* edit-disclosure@2x.png */,
				8C25886F17EB85AB0000EA7F /* disclosure-check-green@2x.png */,
				8C25887017EB85AB0000EA7F /* disclosure-check-green.png */,
				8C25887117EB85AB0000EA7F /* disclosure-check-yellow.png */,
				8C25887217EB85AB0000EA7F /* disclosure-check-yellow@2x.png */,
			);
			name = "disclosure images";
			sourceTree = "<group>";
		};
		8C25888417ED3A950000EA7F /* Backgrounds */ = {
			isa = PBXGroup;
			children = (
				8C66ED4D17DFC63A00B2091F /* Default-568h@2x.png */,
				8C66ED4B17DFC63500B2091F /* Default@2x.png */,
				8C66ED4917DFC62B00B2091F /* Default.png */,
			);
			name = Backgrounds;
			sourceTree = "<group>";
		};
		8C27586F16CC829A00DEDAC8 /* Location */ = {
			isa = PBXGroup;
			children = (
				8C27586C16CC828F00DEDAC8 /* LocationViewController.h */,
				8C27586D16CC828F00DEDAC8 /* LocationViewController.m */,
			);
			name = Location;
			sourceTree = "<group>";
		};
		8C27587016CC82A500DEDAC8 /* Login */ = {
			isa = PBXGroup;
			children = (
				8C27586916CC820E00DEDAC8 /* LoginViewController.h */,
				8C27586A16CC820E00DEDAC8 /* LoginViewController.m */,
				8CDF7C2818304141004D0C37 /* LoginViewControllerDelegate.h */,
				D0F745F51730AB3B00C9EC5F /* ChangePassViewController.h */,
				D0F745F61730AB3B00C9EC5F /* ChangePassViewController.m */,
			);
			name = Login;
			sourceTree = "<group>";
		};
		8C2AE39217CD52F100C00BAF /* Forms */ = {
			isa = PBXGroup;
			children = (
				8C2AE38F17CD52DB00C00BAF /* CoverSheet.h */,
				8C2AE39017CD52DB00C00BAF /* CoverSheet.m */,
				8CCEF95517CE66C500DD52AA /* Evaluation.h */,
				8CCEF95617CE66C500DD52AA /* Evaluation.m */,
				8CCEF95817CEA57400DD52AA /* ImpQuestions.h */,
				8CCEF95917CEA57400DD52AA /* ImpQuestions.m */,
				8CCEF95B17CEBA9A00DD52AA /* Order.h */,
				8CCEF95C17CEBA9A00DD52AA /* Order.m */,
			);
			name = Forms;
			sourceTree = "<group>";
		};
		8C32DF2C16E26B22005AFA89 /* Objects */ = {
			isa = PBXGroup;
			children = (
				8C66ED4F17DFC7CE00B2091F /* Data Objects */,
				8C2AE39217CD52F100C00BAF /* Forms */,
			);
			name = Objects;
			sourceTree = "<group>";
		};
		8C38595717417FFD003A323B /* MainMenu */ = {
			isa = PBXGroup;
			children = (
				8C38595417417FF5003A323B /* MainMenuViewController.h */,
				8C38595517417FF5003A323B /* MainMenuViewController.m */,
			);
			name = MainMenu;
			sourceTree = "<group>";
		};
		8C4C7B721735A69C00ED3E82 /* Tab Bar Icons */ = {
			isa = PBXGroup;
			children = (
				8C4C7B7F1735AB8000ED3E82 /* MapIcon.png */,
				8C4C7B7B1735A9B000ED3E82 /* MapIcon@2x.png */,
				8C4C7B731735A6CD00ED3E82 /* LocationListIcon.png */,
				8C4C7B751735A6D400ED3E82 /* LocationListIcon@2x.png */,
			);
			name = "Tab Bar Icons";
			sourceTree = "<group>";
		};
		8C4C7B811735AD1600ED3E82 /* Content Files */ = {
			isa = PBXGroup;
			children = (
				9E2476DC16E27D9C0049ED27 /* WCE Content V5.png */,
				FA44558016E284E900D08750 /* WCE Content V5 NEW.png */,
				9ED695B216E28332005D1EDB /* WCE Content V5 copy.png */,
			);
			name = "Content Files";
			sourceTree = "<group>";
		};
		8C4C7B821735AD8C00ED3E82 /* Buttons */ = {
			isa = PBXGroup;
			children = (
				8C25886917EA580F0000EA7F /* button-bg.png */,
				8C25886A17EA580F0000EA7F /* button-bg@2x.png */,
			);
			name = Buttons;
			sourceTree = "<group>";
		};
		8C4C7B861736D46A00ED3E82 /* Evaluation Form */ = {
			isa = PBXGroup;
			children = (
				8C4C7B831736D46100ED3E82 /* EvaluationViewController.h */,
				8C4C7B841736D46200ED3E82 /* EvaluationViewController.m */,
			);
			name = "Evaluation Form";
			sourceTree = "<group>";
		};
		8C66ED3017DE5DC400B2091F /* UIComponents */ = {
			isa = PBXGroup;
			children = (
				8C66ECB517D54DD900B2091F /* CustomCell.h */,
				8C66ECB617D54DD900B2091F /* CustomCell.m */,
				8C66ED5B17E2515100B2091F /* CustomNavigationBar.h */,
				8C66ED5C17E2515100B2091F /* CustomNavigationBar.m */,
			);
			name = UIComponents;
			sourceTree = "<group>";
		};
		8C66ED4F17DFC7CE00B2091F /* Data Objects */ = {
			isa = PBXGroup;
			children = (
				8C32DF4316E26BB8005AFA89 /* Location.h */,
				8C32DF4416E26BB8005AFA89 /* Location.m */,
				8CD27FEC1720BC6B00973A04 /* User.h */,
				8CD27FED1720BC6B00973A04 /* User.m */,
				8C2AE38C17C90D6B00C00BAF /* Partner.h */,
				8C2AE38D17C90D6B00C00BAF /* Partner.m */,
			);
			name = "Data Objects";
			sourceTree = "<group>";
		};
		8C66ED5017E0E22C00B2091F /* Info */ = {
			isa = PBXGroup;
			children = (
				8C66ED5117E0E28100B2091F /* InfoViewController.h */,
				8C66ED5217E0E28100B2091F /* InfoViewController.m */,
			);
			name = Info;
			sourceTree = "<group>";
		};
		8C9C3AC116CC60D000F95A6B = {
			isa = PBXGroup;
			children = (
				8C9C3AD616CC60D000F95A6B /* WCE */,
				8C9C3ACF16CC60D000F95A6B /* Frameworks */,
				8C9C3ACD16CC60D000F95A6B /* Products */,
			);
			sourceTree = "<group>";
		};
		8C9C3ACD16CC60D000F95A6B /* Products */ = {
			isa = PBXGroup;
			children = (
				8C9C3ACC16CC60D000F95A6B /* WCE.app */,
			);
			name = Products;
			sourceTree = "<group>";
		};
		8C9C3ACF16CC60D000F95A6B /* Frameworks */ = {
			isa = PBXGroup;
			children = (
				8C38594C173AC558003A323B /* libsqlite3.0.dylib */,
				8C25887D17ECA2600000EA7F /* CFNetwork.framework */,
				8C25887F17ECA2710000EA7F /* QuartzCore.framework */,
				D02C62F91723112B005D92AB /* CoreLocation.framework */,
				9ED3259E16DD5D4C00EA38E0 /* MapKit.framework */,
				8C9C3AD016CC60D000F95A6B /* UIKit.framework */,
				8C9C3AD216CC60D000F95A6B /* Foundation.framework */,
				8C9C3AD416CC60D000F95A6B /* CoreGraphics.framework */,
			);
			name = Frameworks;
			sourceTree = "<group>";
		};
		8C9C3AD616CC60D000F95A6B /* WCE */ = {
			isa = PBXGroup;
			children = (
				8C66ED3017DE5DC400B2091F /* UIComponents */,
				8CA9677E17A2FE61003C3B70 /* Fmdb */,
				8C32DF2C16E26B22005AFA89 /* Objects */,
				8C9C3ADF16CC60D000F95A6B /* WCEAppDelegate.h */,
				8C9C3AE016CC60D000F95A6B /* WCEAppDelegate.m */,
				8C9C3AE816CC60D000F95A6B /* MainStoryboard.storyboard */,
				8CB0441E16DC4D420000AD0F /* ViewControllers */,
				8C9C3AD716CC60D000F95A6B /* Supporting Files */,
			);
			path = WCE;
			sourceTree = "<group>";
		};
		8C9C3AD716CC60D000F95A6B /* Supporting Files */ = {
			isa = PBXGroup;
			children = (
				8C66ED6217E5100400B2091F /* navBar-bg.png */,
				8C66ED6317E5100500B2091F /* navBar-bg@2x.png */,
				8CDF7C2A183092F1004D0C37 /* Wce.db */,
				8C25888417ED3A950000EA7F /* Backgrounds */,
				8C25888117ED3A070000EA7F /* Tableview images */,
				8C4C7B821735AD8C00ED3E82 /* Buttons */,
				8C4C7B811735AD1600ED3E82 /* Content Files */,
				8C4C7B721735A69C00ED3E82 /* Tab Bar Icons */,
				8C385952173AF15C003A323B /* Icon.png */,
				8C385950173AF07C003A323B /* Icon@2x.png */,
				8C25886D17EA69070000EA7F /* wce-logo-mod.png */,
				8C9C3AD816CC60D000F95A6B /* WCE-Info.plist */,
				8C9C3AD916CC60D000F95A6B /* InfoPlist.strings */,
				8C9C3ADC16CC60D000F95A6B /* main.m */,
				8C9C3ADE16CC60D000F95A6B /* WCE-Prefix.pch */,
			);
			name = "Supporting Files";
			sourceTree = "<group>";
		};
		8CA9677E17A2FE61003C3B70 /* Fmdb */ = {
			isa = PBXGroup;
			children = (
				8CA9678917AC4130003C3B70 /* DataAccess.h */,
				8CA9678A17AC4130003C3B70 /* DataAccess.m */,
				8C66ED2117DE558300B2091F /* FMDatabasePool.h */,
				8C66ED2217DE558300B2091F /* FMDatabasePool.m */,
				8C66ED1E17DE549A00B2091F /* FMResultSet.h */,
				8C66ED1F17DE549A00B2091F /* FMResultSet.m */,
				8C66ED1B17DE548400B2091F /* FMDatabase.h */,
				8C66ED1C17DE548400B2091F /* FMDatabase.m */,
				FA507FC3187CF9AA008F52A2 /* CHCSVParser.h */,
				FA507FC4187CF9AA008F52A2 /* CHCSVParser.m */,
			);
			name = Fmdb;
			sourceTree = "<group>";
		};
		8CB0441516DC476E0000AD0F /* LocationMap */ = {
			isa = PBXGroup;
			children = (
				9ED3259B16DD53FF00EA38E0 /* AddressAnnotation.h */,
				9ED3259C16DD53FF00EA38E0 /* AddressAnnotation.m */,
				8CB0441716DC47910000AD0F /* LocationMapViewController.h */,
				8CB0441816DC47910000AD0F /* LocationMapViewController.m */,
			);
			name = LocationMap;
			sourceTree = "<group>";
		};
		8CB0441E16DC4D420000AD0F /* ViewControllers */ = {
			isa = PBXGroup;
			children = (
				8C66ED5017E0E22C00B2091F /* Info */,
				8C38595717417FFD003A323B /* MainMenu */,
				D0F745F11730A57C00C9EC5F /* Content */,
				D0F334B1172AC374006BACED /* Tab Bar */,
				8C1B2972172A11BE00D359D4 /* Forms */,
				D058DCD816FBD28900132041 /* AboutWCE */,
				8C27586F16CC829A00DEDAC8 /* Location */,
				8CB0441516DC476E0000AD0F /* LocationMap */,
				8C03243516DC424D0089CB81 /* AddLocation */,
				8CD27FF41728355100973A04 /* Partner */,
				FA98E2981726063E005EC158 /* AddPartner */,
				8C27587016CC82A500DEDAC8 /* Login */,
			);
			name = ViewControllers;
			sourceTree = "<group>";
		};
		8CD27FF41728355100973A04 /* Partner */ = {
			isa = PBXGroup;
			children = (
				8CD27FF11728354400973A04 /* PartnerViewController.h */,
				8CD27FF21728354400973A04 /* PartnerViewController.m */,
			);
			name = Partner;
			sourceTree = "<group>";
		};
		9E4B58C316FBD972007BE176 /* Cover Sheet */ = {
			isa = PBXGroup;
			children = (
				9E4B58C016FBD95F007BE176 /* CoverSheetViewController.h */,
				9E4B58C116FBD95F007BE176 /* CoverSheetViewController.m */,
			);
			name = "Cover Sheet";
			sourceTree = "<group>";
		};
		D058DCD816FBD28900132041 /* AboutWCE */ = {
			isa = PBXGroup;
			children = (
				D058DCD916FBD2A300132041 /* AboutWCEViewController.h */,
				D058DCDA16FBD2A300132041 /* AboutWCEViewController.m */,
				8C4C7B8717373C1000ED3E82 /* WCEWebViewController.h */,
				8C4C7B8817373C1000ED3E82 /* WCEWebViewController.m */,
			);
			name = AboutWCE;
			sourceTree = "<group>";
		};
		D0F334B1172AC374006BACED /* Tab Bar */ = {
			isa = PBXGroup;
			children = (
				D0F334B2172AC38E006BACED /* WCETabBarController.h */,
				D0F334B3172AC38E006BACED /* WCETabBarController.m */,
			);
			name = "Tab Bar";
			sourceTree = "<group>";
		};
		D0F745F11730A57C00C9EC5F /* Content */ = {
			isa = PBXGroup;
			children = (
				D0F745F21730A59300C9EC5F /* WCEContentViewController.h */,
				D0F745F31730A59300C9EC5F /* WCEContentViewController.m */,
			);
			name = Content;
			sourceTree = "<group>";
		};
		FA98E2911722F986005EC158 /* Order Form */ = {
			isa = PBXGroup;
			children = (
				FA98E2921722F9EE005EC158 /* OrderFormViewController.h */,
				FA98E2931722F9EE005EC158 /* OrderFormViewController.m */,
			);
			name = "Order Form";
			sourceTree = "<group>";
		};
		FA98E2981726063E005EC158 /* AddPartner */ = {
			isa = PBXGroup;
			children = (
				FA98E2951726062F005EC158 /* NewPartnerViewController.h */,
				FA98E2961726062F005EC158 /* NewPartnerViewController.m */,
			);
			name = AddPartner;
			sourceTree = "<group>";
		};
/* End PBXGroup section */

/* Begin PBXNativeTarget section */
		8C9C3ACB16CC60D000F95A6B /* WCE */ = {
			isa = PBXNativeTarget;
			buildConfigurationList = 8C9C3AF016CC60D000F95A6B /* Build configuration list for PBXNativeTarget "WCE" */;
			buildPhases = (
				8C9C3AC816CC60D000F95A6B /* Sources */,
				8C9C3AC916CC60D000F95A6B /* Frameworks */,
				8C9C3ACA16CC60D000F95A6B /* Resources */,
			);
			buildRules = (
			);
			dependencies = (
			);
			name = WCE;
			productName = WCE;
			productReference = 8C9C3ACC16CC60D000F95A6B /* WCE.app */;
			productType = "com.apple.product-type.application";
		};
/* End PBXNativeTarget section */

/* Begin PBXProject section */
		8C9C3AC316CC60D000F95A6B /* Project object */ = {
			isa = PBXProject;
			attributes = {
				CLASSPREFIX = WCE;
				LastUpgradeCheck = 0450;
				ORGANIZATIONNAME = " Brian Beckerle";
			};
			buildConfigurationList = 8C9C3AC616CC60D000F95A6B /* Build configuration list for PBXProject "WCE" */;
			compatibilityVersion = "Xcode 3.2";
			developmentRegion = English;
			hasScannedForEncodings = 0;
			knownRegions = (
				en,
			);
			mainGroup = 8C9C3AC116CC60D000F95A6B;
			productRefGroup = 8C9C3ACD16CC60D000F95A6B /* Products */;
			projectDirPath = "";
			projectRoot = "";
			targets = (
				8C9C3ACB16CC60D000F95A6B /* WCE */,
			);
		};
/* End PBXProject section */

/* Begin PBXResourcesBuildPhase section */
		8C9C3ACA16CC60D000F95A6B /* Resources */ = {
			isa = PBXResourcesBuildPhase;
			buildActionMask = 2147483647;
			files = (
				8C9C3ADB16CC60D000F95A6B /* InfoPlist.strings in Resources */,
				8C9C3AEA16CC60D000F95A6B /* MainStoryboard.storyboard in Resources */,
				9E2476DD16E27D9C0049ED27 /* WCE Content V5.png in Resources */,
				9ED695B316E28332005D1EDB /* WCE Content V5 copy.png in Resources */,
				FA44558116E284E900D08750 /* WCE Content V5 NEW.png in Resources */,
				8C4C7B741735A6CD00ED3E82 /* LocationListIcon.png in Resources */,
				8C4C7B761735A6D400ED3E82 /* LocationListIcon@2x.png in Resources */,
				8C4C7B7C1735A9B000ED3E82 /* MapIcon@2x.png in Resources */,
				8C4C7B801735AB8000ED3E82 /* MapIcon.png in Resources */,
				8C385951173AF07C003A323B /* Icon@2x.png in Resources */,
				8C385953173AF15C003A323B /* Icon.png in Resources */,
				8C66ED4117DFACA200B2091F /* solo-cell-bg.png in Resources */,
				8C66ED4217DFACA200B2091F /* solo-cell-bg@2x.png in Resources */,
				8C66ED4A17DFC62C00B2091F /* Default.png in Resources */,
				8C66ED4C17DFC63500B2091F /* Default@2x.png in Resources */,
				8C66ED4E17DFC63B00B2091F /* Default-568h@2x.png in Resources */,
				8C66ED6417E5100700B2091F /* navBar-bg.png in Resources */,
				8C66ED6517E5100700B2091F /* navBar-bg@2x.png in Resources */,
				8C66ED6A17E516F000B2091F /* bottom-cell-bg.png in Resources */,
				8C66ED6B17E516F000B2091F /* bottom-cell-bg@2x.png in Resources */,
				8C66ED7417E5180300B2091F /* top-cell-bg.png in Resources */,
				8CDF7C2B183092F1004D0C37 /* Wce.db in Resources */,
				8C66ED7517E5180300B2091F /* top-cell-bg@2x.png in Resources */,
				8C66ED7817E518D500B2091F /* middle-cell-bg.png in Resources */,
				8C66ED7917E518D500B2091F /* middle-cell-bg@2x.png in Resources */,
				8C25886B17EA580F0000EA7F /* button-bg.png in Resources */,
				8C25886C17EA580F0000EA7F /* button-bg@2x.png in Resources */,
				8C25886E17EA69070000EA7F /* wce-logo-mod.png in Resources */,
				8C25887317EB85AB0000EA7F /* disclosure-check-green@2x.png in Resources */,
				8C25887417EB85AB0000EA7F /* disclosure-check-green.png in Resources */,
				8C25887517EB85AB0000EA7F /* disclosure-check-yellow.png in Resources */,
				8C25887617EB85AB0000EA7F /* disclosure-check-yellow@2x.png in Resources */,
				8C25887917EB99F60000EA7F /* edit-disclosure.png in Resources */,
				8C25887A17EB99F60000EA7F /* edit-disclosure@2x.png in Resources */,
				8C25889917EE3D3E0000EA7F /* middle-cell-bg-selected@2x.png in Resources */,
				8C25889A17EE3D3E0000EA7F /* middle-cell-bg-selected.png in Resources */,
				8C25889D17EE3E7C0000EA7F /* solo-cell-bg-selected@2x.png in Resources */,
				8C25889E17EE3E7C0000EA7F /* solo-cell-bg-selected.png in Resources */,
				8C2588A117EE3F170000EA7F /* top-cell-bg-selected@2x.png in Resources */,
				8C2588A217EE3F170000EA7F /* top-cell-bg-selected.png in Resources */,
				8C2588A517EE3F7E0000EA7F /* bottom-cell-bg-selected@2x.png in Resources */,
				8C2588A617EE3F7E0000EA7F /* bottom-cell-bg-selected.png in Resources */,
			);
			runOnlyForDeploymentPostprocessing = 0;
		};
/* End PBXResourcesBuildPhase section */

/* Begin PBXSourcesBuildPhase section */
		8C9C3AC816CC60D000F95A6B /* Sources */ = {
			isa = PBXSourcesBuildPhase;
			buildActionMask = 2147483647;
			files = (
				8C9C3ADD16CC60D000F95A6B /* main.m in Sources */,
				8C9C3AE116CC60D000F95A6B /* WCEAppDelegate.m in Sources */,
				8C27586B16CC820E00DEDAC8 /* LoginViewController.m in Sources */,
				8C27586E16CC828F00DEDAC8 /* LocationViewController.m in Sources */,
				8C03243416DC41850089CB81 /* AddLocationViewController.m in Sources */,
				8CB0441916DC47910000AD0F /* LocationMapViewController.m in Sources */,
				9ED3259D16DD53FF00EA38E0 /* AddressAnnotation.m in Sources */,
				8C32DF4516E26BB8005AFA89 /* Location.m in Sources */,
				D058DCDB16FBD2A300132041 /* AboutWCEViewController.m in Sources */,
				9E4B58C216FBD95F007BE176 /* CoverSheetViewController.m in Sources */,
				8CD27FEE1720BC6B00973A04 /* User.m in Sources */,
				FA98E2941722F9EE005EC158 /* OrderFormViewController.m in Sources */,
				FA98E2971726062F005EC158 /* NewPartnerViewController.m in Sources */,
				8CD27FF31728354500973A04 /* PartnerViewController.m in Sources */,
				8C1B2976172A131600D359D4 /* ImplementationViewController.m in Sources */,
				8C1B2979172A187700D359D4 /* FormsViewController.m in Sources */,
				D0F334B4172AC38E006BACED /* WCETabBarController.m in Sources */,
				D0F745F41730A59300C9EC5F /* WCEContentViewController.m in Sources */,
				D0F745F71730AB3B00C9EC5F /* ChangePassViewController.m in Sources */,
				8C4C7B851736D46200ED3E82 /* EvaluationViewController.m in Sources */,
				8C4C7B8917373C1100ED3E82 /* WCEWebViewController.m in Sources */,
				8C38595617417FF5003A323B /* MainMenuViewController.m in Sources */,
				8CA9678B17AC4130003C3B70 /* DataAccess.m in Sources */,
				8C2AE38E17C90D6B00C00BAF /* Partner.m in Sources */,
				8C2AE39117CD52DB00C00BAF /* CoverSheet.m in Sources */,
				8CCEF95717CE66C500DD52AA /* Evaluation.m in Sources */,
				8CCEF95A17CEA57400DD52AA /* ImpQuestions.m in Sources */,
				8CCEF95D17CEBA9A00DD52AA /* Order.m in Sources */,
				8C66ECB717D54DD900B2091F /* CustomCell.m in Sources */,
				8C66ED1D17DE548400B2091F /* FMDatabase.m in Sources */,
				8C66ED2017DE549A00B2091F /* FMResultSet.m in Sources */,
				8C66ED2317DE558300B2091F /* FMDatabasePool.m in Sources */,
				8C66ED5317E0E28100B2091F /* InfoViewController.m in Sources */,
				8C66ED5617E0F14900B2091F /* FormsMenuViewController.m in Sources */,
				8C66ED5D17E2515100B2091F /* CustomNavigationBar.m in Sources */,
				FA507FC5187CF9AA008F52A2 /* CHCSVParser.m in Sources */,
			);
			runOnlyForDeploymentPostprocessing = 0;
		};
/* End PBXSourcesBuildPhase section */

/* Begin PBXVariantGroup section */
		8C9C3AD916CC60D000F95A6B /* InfoPlist.strings */ = {
			isa = PBXVariantGroup;
			children = (
				8C9C3ADA16CC60D000F95A6B /* en */,
			);
			name = InfoPlist.strings;
			sourceTree = "<group>";
		};
		8C9C3AE816CC60D000F95A6B /* MainStoryboard.storyboard */ = {
			isa = PBXVariantGroup;
			children = (
				8C9C3AE916CC60D000F95A6B /* en */,
			);
			name = MainStoryboard.storyboard;
			sourceTree = "<group>";
		};
/* End PBXVariantGroup section */

/* Begin XCBuildConfiguration section */
		8C9C3AEE16CC60D000F95A6B /* Debug */ = {
			isa = XCBuildConfiguration;
			buildSettings = {
				ALWAYS_SEARCH_USER_PATHS = NO;
				CLANG_CXX_LANGUAGE_STANDARD = "gnu++0x";
				CLANG_CXX_LIBRARY = "libc++";
				CLANG_ENABLE_OBJC_ARC = YES;
				CLANG_WARN_EMPTY_BODY = YES;
				CLANG_WARN__DUPLICATE_METHOD_MATCH = YES;
				"CODE_SIGN_IDENTITY[sdk=iphoneos*]" = "iPhone Developer";
				COPY_PHASE_STRIP = NO;
				GCC_C_LANGUAGE_STANDARD = gnu99;
				GCC_DYNAMIC_NO_PIC = NO;
				GCC_OPTIMIZATION_LEVEL = 0;
				GCC_PREPROCESSOR_DEFINITIONS = (
					"DEBUG=1",
					"$(inherited)",
				);
				GCC_SYMBOLS_PRIVATE_EXTERN = NO;
				GCC_WARN_ABOUT_RETURN_TYPE = YES;
				GCC_WARN_UNINITIALIZED_AUTOS = YES;
				GCC_WARN_UNUSED_VARIABLE = YES;
				IPHONEOS_DEPLOYMENT_TARGET = 6.0;
				ONLY_ACTIVE_ARCH = YES;
				SDKROOT = iphoneos;
			};
			name = Debug;
		};
		8C9C3AEF16CC60D000F95A6B /* Release */ = {
			isa = XCBuildConfiguration;
			buildSettings = {
				ALWAYS_SEARCH_USER_PATHS = NO;
				CLANG_CXX_LANGUAGE_STANDARD = "gnu++0x";
				CLANG_CXX_LIBRARY = "libc++";
				CLANG_ENABLE_OBJC_ARC = YES;
				CLANG_WARN_EMPTY_BODY = YES;
				CLANG_WARN__DUPLICATE_METHOD_MATCH = YES;
				"CODE_SIGN_IDENTITY[sdk=iphoneos*]" = "iPhone Developer";
				COPY_PHASE_STRIP = YES;
				GCC_C_LANGUAGE_STANDARD = gnu99;
				GCC_WARN_ABOUT_RETURN_TYPE = YES;
				GCC_WARN_UNINITIALIZED_AUTOS = YES;
				GCC_WARN_UNUSED_VARIABLE = YES;
				IPHONEOS_DEPLOYMENT_TARGET = 6.0;
				OTHER_CFLAGS = "-DNS_BLOCK_ASSERTIONS=1";
				SDKROOT = iphoneos;
				VALIDATE_PRODUCT = YES;
			};
			name = Release;
		};
		8C9C3AF116CC60D000F95A6B /* Debug */ = {
			isa = XCBuildConfiguration;
			buildSettings = {
				FRAMEWORK_SEARCH_PATHS = (
					"$(inherited)",
					"$(SRCROOT)",
					"/Users/beck/Desktop/iOS/AppsForHumanity/WCE\\ Project/wce-app",
				);
				GCC_PRECOMPILE_PREFIX_HEADER = YES;
				GCC_PREFIX_HEADER = "WCE/WCE-Prefix.pch";
				INFOPLIST_FILE = "WCE/WCE-Info.plist";
				IPHONEOS_DEPLOYMENT_TARGET = 6.0;
				"OTHER_LDFLAGS[arch=*]" = "-ObjC";
				PRODUCT_NAME = "$(TARGET_NAME)";
				WRAPPER_EXTENSION = app;
			};
			name = Debug;
		};
		8C9C3AF216CC60D000F95A6B /* Release */ = {
			isa = XCBuildConfiguration;
			buildSettings = {
				FRAMEWORK_SEARCH_PATHS = (
					"$(inherited)",
					"$(SRCROOT)",
					"/Users/beck/Desktop/iOS/AppsForHumanity/WCE\\ Project/wce-app",
				);
				GCC_PRECOMPILE_PREFIX_HEADER = YES;
				GCC_PREFIX_HEADER = "WCE/WCE-Prefix.pch";
				INFOPLIST_FILE = "WCE/WCE-Info.plist";
				IPHONEOS_DEPLOYMENT_TARGET = 6.0;
				PRODUCT_NAME = "$(TARGET_NAME)";
				WRAPPER_EXTENSION = app;
			};
			name = Release;
		};
/* End XCBuildConfiguration section */

/* Begin XCConfigurationList section */
		8C9C3AC616CC60D000F95A6B /* Build configuration list for PBXProject "WCE" */ = {
			isa = XCConfigurationList;
			buildConfigurations = (
				8C9C3AEE16CC60D000F95A6B /* Debug */,
				8C9C3AEF16CC60D000F95A6B /* Release */,
			);
			defaultConfigurationIsVisible = 0;
			defaultConfigurationName = Release;
		};
		8C9C3AF016CC60D000F95A6B /* Build configuration list for PBXNativeTarget "WCE" */ = {
			isa = XCConfigurationList;
			buildConfigurations = (
				8C9C3AF116CC60D000F95A6B /* Debug */,
				8C9C3AF216CC60D000F95A6B /* Release */,
			);
			defaultConfigurationIsVisible = 0;
			defaultConfigurationName = Release;
		};
/* End XCConfigurationList section */
	};
	rootObject = 8C9C3AC316CC60D000F95A6B /* Project object */;
}
