// !$*UTF8*$!
{
	archiveVersion = 1;
	classes = {
	};
	objectVersion = 46;
	objects = {

/* Begin PBXBuildFile section */
		8C03242316DC2AB30089CB81 /* SaveLocationViewController.m in Sources */ = {isa = PBXBuildFile; fileRef = 8C03242216DC2AB30089CB81 /* SaveLocationViewController.m */; };
		8C03243416DC41850089CB81 /* AddLocationViewController.m in Sources */ = {isa = PBXBuildFile; fileRef = 8C03243316DC41850089CB81 /* AddLocationViewController.m */; };
		8C27586B16CC820E00DEDAC8 /* LoginViewController.m in Sources */ = {isa = PBXBuildFile; fileRef = 8C27586A16CC820E00DEDAC8 /* LoginViewController.m */; };
		8C27586E16CC828F00DEDAC8 /* LocationViewController.m in Sources */ = {isa = PBXBuildFile; fileRef = 8C27586D16CC828F00DEDAC8 /* LocationViewController.m */; };
		8C32DF4516E26BB8005AFA89 /* Location.m in Sources */ = {isa = PBXBuildFile; fileRef = 8C32DF4416E26BB8005AFA89 /* Location.m */; };
		8C9C3AD116CC60D000F95A6B /* UIKit.framework in Frameworks */ = {isa = PBXBuildFile; fileRef = 8C9C3AD016CC60D000F95A6B /* UIKit.framework */; };
		8C9C3AD316CC60D000F95A6B /* Foundation.framework in Frameworks */ = {isa = PBXBuildFile; fileRef = 8C9C3AD216CC60D000F95A6B /* Foundation.framework */; };
		8C9C3AD516CC60D000F95A6B /* CoreGraphics.framework in Frameworks */ = {isa = PBXBuildFile; fileRef = 8C9C3AD416CC60D000F95A6B /* CoreGraphics.framework */; };
		8C9C3ADB16CC60D000F95A6B /* InfoPlist.strings in Resources */ = {isa = PBXBuildFile; fileRef = 8C9C3AD916CC60D000F95A6B /* InfoPlist.strings */; };
		8C9C3ADD16CC60D000F95A6B /* main.m in Sources */ = {isa = PBXBuildFile; fileRef = 8C9C3ADC16CC60D000F95A6B /* main.m */; };
		8C9C3AE116CC60D000F95A6B /* WCEAppDelegate.m in Sources */ = {isa = PBXBuildFile; fileRef = 8C9C3AE016CC60D000F95A6B /* WCEAppDelegate.m */; };
		8C9C3AE316CC60D000F95A6B /* Default.png in Resources */ = {isa = PBXBuildFile; fileRef = 8C9C3AE216CC60D000F95A6B /* Default.png */; };
		8C9C3AE516CC60D000F95A6B /* Default@2x.png in Resources */ = {isa = PBXBuildFile; fileRef = 8C9C3AE416CC60D000F95A6B /* Default@2x.png */; };
		8C9C3AE716CC60D000F95A6B /* Default-568h@2x.png in Resources */ = {isa = PBXBuildFile; fileRef = 8C9C3AE616CC60D000F95A6B /* Default-568h@2x.png */; };
		8C9C3AEA16CC60D000F95A6B /* MainStoryboard.storyboard in Resources */ = {isa = PBXBuildFile; fileRef = 8C9C3AE816CC60D000F95A6B /* MainStoryboard.storyboard */; };
		8C9C3AED16CC60D000F95A6B /* WCEViewController.m in Sources */ = {isa = PBXBuildFile; fileRef = 8C9C3AEC16CC60D000F95A6B /* WCEViewController.m */; };
		8CB0441916DC47910000AD0F /* LocationMapViewController.m in Sources */ = {isa = PBXBuildFile; fileRef = 8CB0441816DC47910000AD0F /* LocationMapViewController.m */; };
		8CD27FEE1720BC6B00973A04 /* User.m in Sources */ = {isa = PBXBuildFile; fileRef = 8CD27FED1720BC6B00973A04 /* User.m */; };
		9E2476DD16E27D9C0049ED27 /* WCE Content V5.png in Resources */ = {isa = PBXBuildFile; fileRef = 9E2476DC16E27D9C0049ED27 /* WCE Content V5.png */; };
		9E39AF8016D9739500B4275C /* satellite_maps_earth_map_dual_monitor_3200x1200_desktop_wallpaper-344945.jpg in Resources */ = {isa = PBXBuildFile; fileRef = 9E39AF7F16D9739500B4275C /* satellite_maps_earth_map_dual_monitor_3200x1200_desktop_wallpaper-344945.jpg */; };
		9E4B58C216FBD95F007BE176 /* CoverSheetViewController.m in Sources */ = {isa = PBXBuildFile; fileRef = 9E4B58C116FBD95F007BE176 /* CoverSheetViewController.m */; };
		9ED3259D16DD53FF00EA38E0 /* AddressAnnotation.m in Sources */ = {isa = PBXBuildFile; fileRef = 9ED3259C16DD53FF00EA38E0 /* AddressAnnotation.m */; };
		9ED3259F16DD5D4C00EA38E0 /* MapKit.framework in Frameworks */ = {isa = PBXBuildFile; fileRef = 9ED3259E16DD5D4C00EA38E0 /* MapKit.framework */; };
		9ED695B316E28332005D1EDB /* WCE Content V5 copy.png in Resources */ = {isa = PBXBuildFile; fileRef = 9ED695B216E28332005D1EDB /* WCE Content V5 copy.png */; };
		D02C62FA1723112B005D92AB /* CoreLocation.framework in Frameworks */ = {isa = PBXBuildFile; fileRef = D02C62F91723112B005D92AB /* CoreLocation.framework */; };
		D058DCDB16FBD2A300132041 /* AboutWCEViewController.m in Sources */ = {isa = PBXBuildFile; fileRef = D058DCDA16FBD2A300132041 /* AboutWCEViewController.m */; };
		D07A3B0316D6F7C4003B6074 /* WCE_LogoWhite.png in Resources */ = {isa = PBXBuildFile; fileRef = D07A3B0216D6F7C4003B6074 /* WCE_LogoWhite.png */; };
		FA44558116E284E900D08750 /* WCE Content V5 NEW.png in Resources */ = {isa = PBXBuildFile; fileRef = FA44558016E284E900D08750 /* WCE Content V5 NEW.png */; };
		FA98E2941722F9EE005EC158 /* OrderFormViewController.m in Sources */ = {isa = PBXBuildFile; fileRef = FA98E2931722F9EE005EC158 /* OrderFormViewController.m */; };
/* End PBXBuildFile section */

/* Begin PBXFileReference section */
		8C03242116DC2AB30089CB81 /* SaveLocationViewController.h */ = {isa = PBXFileReference; fileEncoding = 4; lastKnownFileType = sourcecode.c.h; path = SaveLocationViewController.h; sourceTree = "<group>"; };
		8C03242216DC2AB30089CB81 /* SaveLocationViewController.m */ = {isa = PBXFileReference; fileEncoding = 4; lastKnownFileType = sourcecode.c.objc; path = SaveLocationViewController.m; sourceTree = "<group>"; };
		8C03243216DC41850089CB81 /* AddLocationViewController.h */ = {isa = PBXFileReference; fileEncoding = 4; lastKnownFileType = sourcecode.c.h; path = AddLocationViewController.h; sourceTree = "<group>"; };
		8C03243316DC41850089CB81 /* AddLocationViewController.m */ = {isa = PBXFileReference; fileEncoding = 4; lastKnownFileType = sourcecode.c.objc; path = AddLocationViewController.m; sourceTree = "<group>"; };
		8C27586916CC820E00DEDAC8 /* LoginViewController.h */ = {isa = PBXFileReference; fileEncoding = 4; lastKnownFileType = sourcecode.c.h; path = LoginViewController.h; sourceTree = "<group>"; };
		8C27586A16CC820E00DEDAC8 /* LoginViewController.m */ = {isa = PBXFileReference; fileEncoding = 4; lastKnownFileType = sourcecode.c.objc; path = LoginViewController.m; sourceTree = "<group>"; };
		8C27586C16CC828F00DEDAC8 /* LocationViewController.h */ = {isa = PBXFileReference; fileEncoding = 4; lastKnownFileType = sourcecode.c.h; name = LocationViewController.h; path = ../LocationViewController.h; sourceTree = "<group>"; };
		8C27586D16CC828F00DEDAC8 /* LocationViewController.m */ = {isa = PBXFileReference; fileEncoding = 4; lastKnownFileType = sourcecode.c.objc; name = LocationViewController.m; path = ../LocationViewController.m; sourceTree = "<group>"; };
		8C32DF4316E26BB8005AFA89 /* Location.h */ = {isa = PBXFileReference; fileEncoding = 4; lastKnownFileType = sourcecode.c.h; path = Location.h; sourceTree = "<group>"; };
		8C32DF4416E26BB8005AFA89 /* Location.m */ = {isa = PBXFileReference; fileEncoding = 4; lastKnownFileType = sourcecode.c.objc; path = Location.m; sourceTree = "<group>"; };
		8C9C3ACC16CC60D000F95A6B /* WCE.app */ = {isa = PBXFileReference; explicitFileType = wrapper.application; includeInIndex = 0; path = WCE.app; sourceTree = BUILT_PRODUCTS_DIR; };
		8C9C3AD016CC60D000F95A6B /* UIKit.framework */ = {isa = PBXFileReference; lastKnownFileType = wrapper.framework; name = UIKit.framework; path = System/Library/Frameworks/UIKit.framework; sourceTree = SDKROOT; };
		8C9C3AD216CC60D000F95A6B /* Foundation.framework */ = {isa = PBXFileReference; lastKnownFileType = wrapper.framework; name = Foundation.framework; path = System/Library/Frameworks/Foundation.framework; sourceTree = SDKROOT; };
		8C9C3AD416CC60D000F95A6B /* CoreGraphics.framework */ = {isa = PBXFileReference; lastKnownFileType = wrapper.framework; name = CoreGraphics.framework; path = System/Library/Frameworks/CoreGraphics.framework; sourceTree = SDKROOT; };
		8C9C3AD816CC60D000F95A6B /* WCE-Info.plist */ = {isa = PBXFileReference; lastKnownFileType = text.plist.xml; path = "WCE-Info.plist"; sourceTree = "<group>"; };
		8C9C3ADA16CC60D000F95A6B /* en */ = {isa = PBXFileReference; lastKnownFileType = text.plist.strings; name = en; path = en.lproj/InfoPlist.strings; sourceTree = "<group>"; };
		8C9C3ADC16CC60D000F95A6B /* main.m */ = {isa = PBXFileReference; lastKnownFileType = sourcecode.c.objc; path = main.m; sourceTree = "<group>"; };
		8C9C3ADE16CC60D000F95A6B /* WCE-Prefix.pch */ = {isa = PBXFileReference; lastKnownFileType = sourcecode.c.h; path = "WCE-Prefix.pch"; sourceTree = "<group>"; };
		8C9C3ADF16CC60D000F95A6B /* WCEAppDelegate.h */ = {isa = PBXFileReference; lastKnownFileType = sourcecode.c.h; path = WCEAppDelegate.h; sourceTree = "<group>"; };
		8C9C3AE016CC60D000F95A6B /* WCEAppDelegate.m */ = {isa = PBXFileReference; lastKnownFileType = sourcecode.c.objc; path = WCEAppDelegate.m; sourceTree = "<group>"; };
		8C9C3AE216CC60D000F95A6B /* Default.png */ = {isa = PBXFileReference; lastKnownFileType = image.png; path = Default.png; sourceTree = "<group>"; };
		8C9C3AE416CC60D000F95A6B /* Default@2x.png */ = {isa = PBXFileReference; lastKnownFileType = image.png; path = "Default@2x.png"; sourceTree = "<group>"; };
		8C9C3AE616CC60D000F95A6B /* Default-568h@2x.png */ = {isa = PBXFileReference; lastKnownFileType = image.png; path = "Default-568h@2x.png"; sourceTree = "<group>"; };
		8C9C3AE916CC60D000F95A6B /* en */ = {isa = PBXFileReference; lastKnownFileType = file.storyboard; name = en; path = en.lproj/MainStoryboard.storyboard; sourceTree = "<group>"; };
		8C9C3AEB16CC60D000F95A6B /* WCEViewController.h */ = {isa = PBXFileReference; lastKnownFileType = sourcecode.c.h; path = WCEViewController.h; sourceTree = "<group>"; };
		8C9C3AEC16CC60D000F95A6B /* WCEViewController.m */ = {isa = PBXFileReference; lastKnownFileType = sourcecode.c.objc; path = WCEViewController.m; sourceTree = "<group>"; };
		8CB0441716DC47910000AD0F /* LocationMapViewController.h */ = {isa = PBXFileReference; fileEncoding = 4; lastKnownFileType = sourcecode.c.h; path = LocationMapViewController.h; sourceTree = "<group>"; };
		8CB0441816DC47910000AD0F /* LocationMapViewController.m */ = {isa = PBXFileReference; fileEncoding = 4; lastKnownFileType = sourcecode.c.objc; path = LocationMapViewController.m; sourceTree = "<group>"; };
		8CD27FEC1720BC6B00973A04 /* User.h */ = {isa = PBXFileReference; fileEncoding = 4; lastKnownFileType = sourcecode.c.h; path = User.h; sourceTree = "<group>"; };
		8CD27FED1720BC6B00973A04 /* User.m */ = {isa = PBXFileReference; fileEncoding = 4; lastKnownFileType = sourcecode.c.objc; path = User.m; sourceTree = "<group>"; };
		9E2476D516E276820049ED27 /* WCE Content.png */ = {isa = PBXFileReference; lastKnownFileType = image.png; path = "WCE Content.png"; sourceTree = "<group>"; };
		9E2476DC16E27D9C0049ED27 /* WCE Content V5.png */ = {isa = PBXFileReference; lastKnownFileType = image.png; path = "WCE Content V5.png"; sourceTree = "<group>"; };
		9E39AF7F16D9739500B4275C /* satellite_maps_earth_map_dual_monitor_3200x1200_desktop_wallpaper-344945.jpg */ = {isa = PBXFileReference; lastKnownFileType = image.jpeg; path = "satellite_maps_earth_map_dual_monitor_3200x1200_desktop_wallpaper-344945.jpg"; sourceTree = "<group>"; };
		9E4B58C016FBD95F007BE176 /* CoverSheetViewController.h */ = {isa = PBXFileReference; fileEncoding = 4; lastKnownFileType = sourcecode.c.h; path = CoverSheetViewController.h; sourceTree = "<group>"; };
		9E4B58C116FBD95F007BE176 /* CoverSheetViewController.m */ = {isa = PBXFileReference; fileEncoding = 4; lastKnownFileType = sourcecode.c.objc; path = CoverSheetViewController.m; sourceTree = "<group>"; };
		9ED3259B16DD53FF00EA38E0 /* AddressAnnotation.h */ = {isa = PBXFileReference; fileEncoding = 4; lastKnownFileType = sourcecode.c.h; path = AddressAnnotation.h; sourceTree = "<group>"; };
		9ED3259C16DD53FF00EA38E0 /* AddressAnnotation.m */ = {isa = PBXFileReference; fileEncoding = 4; lastKnownFileType = sourcecode.c.objc; path = AddressAnnotation.m; sourceTree = "<group>"; };
		9ED3259E16DD5D4C00EA38E0 /* MapKit.framework */ = {isa = PBXFileReference; lastKnownFileType = wrapper.framework; name = MapKit.framework; path = System/Library/Frameworks/MapKit.framework; sourceTree = SDKROOT; };
		9ED695B216E28332005D1EDB /* WCE Content V5 copy.png */ = {isa = PBXFileReference; lastKnownFileType = image.png; path = "WCE Content V5 copy.png"; sourceTree = "<group>"; };
		D02C62F91723112B005D92AB /* CoreLocation.framework */ = {isa = PBXFileReference; lastKnownFileType = wrapper.framework; name = CoreLocation.framework; path = System/Library/Frameworks/CoreLocation.framework; sourceTree = SDKROOT; };
		D058DCD916FBD2A300132041 /* AboutWCEViewController.h */ = {isa = PBXFileReference; fileEncoding = 4; lastKnownFileType = sourcecode.c.h; path = AboutWCEViewController.h; sourceTree = "<group>"; };
		D058DCDA16FBD2A300132041 /* AboutWCEViewController.m */ = {isa = PBXFileReference; fileEncoding = 4; lastKnownFileType = sourcecode.c.objc; path = AboutWCEViewController.m; sourceTree = "<group>"; };
		D07A3B0216D6F7C4003B6074 /* WCE_LogoWhite.png */ = {isa = PBXFileReference; lastKnownFileType = image.png; path = WCE_LogoWhite.png; sourceTree = "<group>"; };
		FA44558016E284E900D08750 /* WCE Content V5 NEW.png */ = {isa = PBXFileReference; lastKnownFileType = image.png; path = "WCE Content V5 NEW.png"; sourceTree = "<group>"; };
		FA98E2921722F9EE005EC158 /* OrderFormViewController.h */ = {isa = PBXFileReference; fileEncoding = 4; lastKnownFileType = sourcecode.c.h; path = OrderFormViewController.h; sourceTree = "<group>"; };
		FA98E2931722F9EE005EC158 /* OrderFormViewController.m */ = {isa = PBXFileReference; fileEncoding = 4; lastKnownFileType = sourcecode.c.objc; path = OrderFormViewController.m; sourceTree = "<group>"; };
/* End PBXFileReference section */

/* Begin PBXFrameworksBuildPhase section */
		8C9C3AC916CC60D000F95A6B /* Frameworks */ = {
			isa = PBXFrameworksBuildPhase;
			buildActionMask = 2147483647;
			files = (
				D02C62FA1723112B005D92AB /* CoreLocation.framework in Frameworks */,
				9ED3259F16DD5D4C00EA38E0 /* MapKit.framework in Frameworks */,
				8C9C3AD116CC60D000F95A6B /* UIKit.framework in Frameworks */,
				8C9C3AD316CC60D000F95A6B /* Foundation.framework in Frameworks */,
				8C9C3AD516CC60D000F95A6B /* CoreGraphics.framework in Frameworks */,
			);
			runOnlyForDeploymentPostprocessing = 0;
		};
/* End PBXFrameworksBuildPhase section */

/* Begin PBXGroup section */
		8C03241F16DC2A7A0089CB81 /* SaveLocation */ = {
			isa = PBXGroup;
			children = (
				8C03242116DC2AB30089CB81 /* SaveLocationViewController.h */,
				8C03242216DC2AB30089CB81 /* SaveLocationViewController.m */,
			);
			name = SaveLocation;
			sourceTree = "<group>";
		};
		8C03243516DC424D0089CB81 /* AddLocation */ = {
			isa = PBXGroup;
			children = (
				8C03243216DC41850089CB81 /* AddLocationViewController.h */,
				8C03243316DC41850089CB81 /* AddLocationViewController.m */,
			);
			name = AddLocation;
			sourceTree = "<group>";
		};
		8C27586F16CC829A00DEDAC8 /* Location */ = {
			isa = PBXGroup;
			children = (
				8C27586C16CC828F00DEDAC8 /* LocationViewController.h */,
				8C27586D16CC828F00DEDAC8 /* LocationViewController.m */,
			);
			name = Location;
			sourceTree = "<group>";
		};
		8C27587016CC82A500DEDAC8 /* Login */ = {
			isa = PBXGroup;
			children = (
				8C27586916CC820E00DEDAC8 /* LoginViewController.h */,
				8C27586A16CC820E00DEDAC8 /* LoginViewController.m */,
			);
			name = Login;
			sourceTree = "<group>";
		};
		8C32DF2C16E26B22005AFA89 /* Objects */ = {
			isa = PBXGroup;
			children = (
				8C32DF4316E26BB8005AFA89 /* Location.h */,
				8C32DF4416E26BB8005AFA89 /* Location.m */,
				8CD27FEC1720BC6B00973A04 /* User.h */,
				8CD27FED1720BC6B00973A04 /* User.m */,
			);
			name = Objects;
			sourceTree = "<group>";
		};
		8C9C3AC116CC60D000F95A6B = {
			isa = PBXGroup;
			children = (
				D02C62F91723112B005D92AB /* CoreLocation.framework */,
				8C9C3AD616CC60D000F95A6B /* WCE */,
				8C9C3ACF16CC60D000F95A6B /* Frameworks */,
				8C9C3ACD16CC60D000F95A6B /* Products */,
			);
			sourceTree = "<group>";
		};
		8C9C3ACD16CC60D000F95A6B /* Products */ = {
			isa = PBXGroup;
			children = (
				8C9C3ACC16CC60D000F95A6B /* WCE.app */,
			);
			name = Products;
			sourceTree = "<group>";
		};
		8C9C3ACF16CC60D000F95A6B /* Frameworks */ = {
			isa = PBXGroup;
			children = (
				9ED3259E16DD5D4C00EA38E0 /* MapKit.framework */,
				8C9C3AD016CC60D000F95A6B /* UIKit.framework */,
				8C9C3AD216CC60D000F95A6B /* Foundation.framework */,
				8C9C3AD416CC60D000F95A6B /* CoreGraphics.framework */,
			);
			name = Frameworks;
			sourceTree = "<group>";
		};
		8C9C3AD616CC60D000F95A6B /* WCE */ = {
			isa = PBXGroup;
			children = (
				8C32DF2C16E26B22005AFA89 /* Objects */,
				8C9C3ADF16CC60D000F95A6B /* WCEAppDelegate.h */,
				8C9C3AE016CC60D000F95A6B /* WCEAppDelegate.m */,
				8C9C3AE816CC60D000F95A6B /* MainStoryboard.storyboard */,
				8CB0441E16DC4D420000AD0F /* ViewControllers */,
				8C9C3AD716CC60D000F95A6B /* Supporting Files */,
			);
			path = WCE;
			sourceTree = "<group>";
		};
		8C9C3AD716CC60D000F95A6B /* Supporting Files */ = {
			isa = PBXGroup;
			children = (
				D07A3B0216D6F7C4003B6074 /* WCE_LogoWhite.png */,
				8C9C3AD816CC60D000F95A6B /* WCE-Info.plist */,
				FA44558016E284E900D08750 /* WCE Content V5 NEW.png */,
				8C9C3AD916CC60D000F95A6B /* InfoPlist.strings */,
				8C9C3ADC16CC60D000F95A6B /* main.m */,
				8C9C3ADE16CC60D000F95A6B /* WCE-Prefix.pch */,
				9E2476DC16E27D9C0049ED27 /* WCE Content V5.png */,
				9ED695B216E28332005D1EDB /* WCE Content V5 copy.png */,
				8C9C3AE216CC60D000F95A6B /* Default.png */,
				9E2476D516E276820049ED27 /* WCE Content.png */,
				9E39AF7F16D9739500B4275C /* satellite_maps_earth_map_dual_monitor_3200x1200_desktop_wallpaper-344945.jpg */,
				8C9C3AE416CC60D000F95A6B /* Default@2x.png */,
				8C9C3AE616CC60D000F95A6B /* Default-568h@2x.png */,
			);
			name = "Supporting Files";
			sourceTree = "<group>";
		};
		8CB0441516DC476E0000AD0F /* LocationMap */ = {
			isa = PBXGroup;
			children = (
				8CB0441716DC47910000AD0F /* LocationMapViewController.h */,
				8CB0441816DC47910000AD0F /* LocationMapViewController.m */,
			);
			name = LocationMap;
			sourceTree = "<group>";
		};
		8CB0441E16DC4D420000AD0F /* ViewControllers */ = {
			isa = PBXGroup;
			children = (
				FA98E2911722F986005EC158 /* Order Form */,
				9ED3259B16DD53FF00EA38E0 /* AddressAnnotation.h */,
				9ED3259C16DD53FF00EA38E0 /* AddressAnnotation.m */,
				9E4B58C316FBD972007BE176 /* Cover Sheet */,
				D058DCD816FBD28900132041 /* AboutWCE */,
				8CB0441516DC476E0000AD0F /* LocationMap */,
				8C03243516DC424D0089CB81 /* AddLocation */,
				8C03241F16DC2A7A0089CB81 /* SaveLocation */,
				8C27587016CC82A500DEDAC8 /* Login */,
				8C27586F16CC829A00DEDAC8 /* Location */,
				8C9C3AEB16CC60D000F95A6B /* WCEViewController.h */,
				8C9C3AEC16CC60D000F95A6B /* WCEViewController.m */,
			);
			name = ViewControllers;
			sourceTree = "<group>";
		};
		9E4B58C316FBD972007BE176 /* Cover Sheet */ = {
			isa = PBXGroup;
			children = (
				9E4B58C016FBD95F007BE176 /* CoverSheetViewController.h */,
				9E4B58C116FBD95F007BE176 /* CoverSheetViewController.m */,
			);
			name = "Cover Sheet";
			sourceTree = "<group>";
		};
		D058DCD816FBD28900132041 /* AboutWCE */ = {
			isa = PBXGroup;
			children = (
				D058DCD916FBD2A300132041 /* AboutWCEViewController.h */,
				D058DCDA16FBD2A300132041 /* AboutWCEViewController.m */,
			);
			name = AboutWCE;
			sourceTree = "<group>";
		};
		FA98E2911722F986005EC158 /* Order Form */ = {
			isa = PBXGroup;
			children = (
				FA98E2921722F9EE005EC158 /* OrderFormViewController.h */,
				FA98E2931722F9EE005EC158 /* OrderFormViewController.m */,
			);
			name = "Order Form";
			sourceTree = "<group>";
		};
/* End PBXGroup section */

/* Begin PBXNativeTarget section */
		8C9C3ACB16CC60D000F95A6B /* WCE */ = {
			isa = PBXNativeTarget;
			buildConfigurationList = 8C9C3AF016CC60D000F95A6B /* Build configuration list for PBXNativeTarget "WCE" */;
			buildPhases = (
				8C9C3AC816CC60D000F95A6B /* Sources */,
				8C9C3AC916CC60D000F95A6B /* Frameworks */,
				8C9C3ACA16CC60D000F95A6B /* Resources */,
			);
			buildRules = (
			);
			dependencies = (
			);
			name = WCE;
			productName = WCE;
			productReference = 8C9C3ACC16CC60D000F95A6B /* WCE.app */;
			productType = "com.apple.product-type.application";
		};
/* End PBXNativeTarget section */

/* Begin PBXProject section */
		8C9C3AC316CC60D000F95A6B /* Project object */ = {
			isa = PBXProject;
			attributes = {
				CLASSPREFIX = WCE;
				LastUpgradeCheck = 0450;
				ORGANIZATIONNAME = " Brian Beckerle";
			};
			buildConfigurationList = 8C9C3AC616CC60D000F95A6B /* Build configuration list for PBXProject "WCE" */;
			compatibilityVersion = "Xcode 3.2";
			developmentRegion = English;
			hasScannedForEncodings = 0;
			knownRegions = (
				en,
			);
			mainGroup = 8C9C3AC116CC60D000F95A6B;
			productRefGroup = 8C9C3ACD16CC60D000F95A6B /* Products */;
			projectDirPath = "";
			projectRoot = "";
			targets = (
				8C9C3ACB16CC60D000F95A6B /* WCE */,
			);
		};
/* End PBXProject section */

/* Begin PBXResourcesBuildPhase section */
		8C9C3ACA16CC60D000F95A6B /* Resources */ = {
			isa = PBXResourcesBuildPhase;
			buildActionMask = 2147483647;
			files = (
				8C9C3ADB16CC60D000F95A6B /* InfoPlist.strings in Resources */,
				8C9C3AE316CC60D000F95A6B /* Default.png in Resources */,
				8C9C3AE516CC60D000F95A6B /* Default@2x.png in Resources */,
				8C9C3AE716CC60D000F95A6B /* Default-568h@2x.png in Resources */,
				8C9C3AEA16CC60D000F95A6B /* MainStoryboard.storyboard in Resources */,
				D07A3B0316D6F7C4003B6074 /* WCE_LogoWhite.png in Resources */,
				9E39AF8016D9739500B4275C /* satellite_maps_earth_map_dual_monitor_3200x1200_desktop_wallpaper-344945.jpg in Resources */,
				9E2476DD16E27D9C0049ED27 /* WCE Content V5.png in Resources */,
				9ED695B316E28332005D1EDB /* WCE Content V5 copy.png in Resources */,
				FA44558116E284E900D08750 /* WCE Content V5 NEW.png in Resources */,
			);
			runOnlyForDeploymentPostprocessing = 0;
		};
/* End PBXResourcesBuildPhase section */

/* Begin PBXSourcesBuildPhase section */
		8C9C3AC816CC60D000F95A6B /* Sources */ = {
			isa = PBXSourcesBuildPhase;
			buildActionMask = 2147483647;
			files = (
				8C9C3ADD16CC60D000F95A6B /* main.m in Sources */,
				8C9C3AE116CC60D000F95A6B /* WCEAppDelegate.m in Sources */,
				8C9C3AED16CC60D000F95A6B /* WCEViewController.m in Sources */,
				8C27586B16CC820E00DEDAC8 /* LoginViewController.m in Sources */,
				8C27586E16CC828F00DEDAC8 /* LocationViewController.m in Sources */,
				8C03242316DC2AB30089CB81 /* SaveLocationViewController.m in Sources */,
				8C03243416DC41850089CB81 /* AddLocationViewController.m in Sources */,
				8CB0441916DC47910000AD0F /* LocationMapViewController.m in Sources */,
				9ED3259D16DD53FF00EA38E0 /* AddressAnnotation.m in Sources */,
				8C32DF4516E26BB8005AFA89 /* Location.m in Sources */,
				D058DCDB16FBD2A300132041 /* AboutWCEViewController.m in Sources */,
				9E4B58C216FBD95F007BE176 /* CoverSheetViewController.m in Sources */,
				8CD27FEE1720BC6B00973A04 /* User.m in Sources */,
				FA98E2941722F9EE005EC158 /* OrderFormViewController.m in Sources */,
			);
			runOnlyForDeploymentPostprocessing = 0;
		};
/* End PBXSourcesBuildPhase section */

/* Begin PBXVariantGroup section */
		8C9C3AD916CC60D000F95A6B /* InfoPlist.strings */ = {
			isa = PBXVariantGroup;
			children = (
				8C9C3ADA16CC60D000F95A6B /* en */,
			);
			name = InfoPlist.strings;
			sourceTree = "<group>";
		};
		8C9C3AE816CC60D000F95A6B /* MainStoryboard.storyboard */ = {
			isa = PBXVariantGroup;
			children = (
				8C9C3AE916CC60D000F95A6B /* en */,
			);
			name = MainStoryboard.storyboard;
			sourceTree = "<group>";
		};
/* End PBXVariantGroup section */

/* Begin XCBuildConfiguration section */
		8C9C3AEE16CC60D000F95A6B /* Debug */ = {
			isa = XCBuildConfiguration;
			buildSettings = {
				ALWAYS_SEARCH_USER_PATHS = NO;
				CLANG_CXX_LANGUAGE_STANDARD = "gnu++0x";
				CLANG_CXX_LIBRARY = "libc++";
				CLANG_ENABLE_OBJC_ARC = YES;
				CLANG_WARN_EMPTY_BODY = YES;
				CLANG_WARN__DUPLICATE_METHOD_MATCH = YES;
				"CODE_SIGN_IDENTITY[sdk=iphoneos*]" = "iPhone Developer";
				COPY_PHASE_STRIP = NO;
				GCC_C_LANGUAGE_STANDARD = gnu99;
				GCC_DYNAMIC_NO_PIC = NO;
				GCC_OPTIMIZATION_LEVEL = 0;
				GCC_PREPROCESSOR_DEFINITIONS = (
					"DEBUG=1",
					"$(inherited)",
				);
				GCC_SYMBOLS_PRIVATE_EXTERN = NO;
				GCC_WARN_ABOUT_RETURN_TYPE = YES;
				GCC_WARN_UNINITIALIZED_AUTOS = YES;
				GCC_WARN_UNUSED_VARIABLE = YES;
				IPHONEOS_DEPLOYMENT_TARGET = 6.0;
				ONLY_ACTIVE_ARCH = YES;
				SDKROOT = iphoneos;
			};
			name = Debug;
		};
		8C9C3AEF16CC60D000F95A6B /* Release */ = {
			isa = XCBuildConfiguration;
			buildSettings = {
				ALWAYS_SEARCH_USER_PATHS = NO;
				CLANG_CXX_LANGUAGE_STANDARD = "gnu++0x";
				CLANG_CXX_LIBRARY = "libc++";
				CLANG_ENABLE_OBJC_ARC = YES;
				CLANG_WARN_EMPTY_BODY = YES;
				CLANG_WARN__DUPLICATE_METHOD_MATCH = YES;
				"CODE_SIGN_IDENTITY[sdk=iphoneos*]" = "iPhone Developer";
				COPY_PHASE_STRIP = YES;
				GCC_C_LANGUAGE_STANDARD = gnu99;
				GCC_WARN_ABOUT_RETURN_TYPE = YES;
				GCC_WARN_UNINITIALIZED_AUTOS = YES;
				GCC_WARN_UNUSED_VARIABLE = YES;
				IPHONEOS_DEPLOYMENT_TARGET = 6.0;
				OTHER_CFLAGS = "-DNS_BLOCK_ASSERTIONS=1";
				SDKROOT = iphoneos;
				VALIDATE_PRODUCT = YES;
			};
			name = Release;
		};
		8C9C3AF116CC60D000F95A6B /* Debug */ = {
			isa = XCBuildConfiguration;
			buildSettings = {
				GCC_PRECOMPILE_PREFIX_HEADER = YES;
				GCC_PREFIX_HEADER = "WCE/WCE-Prefix.pch";
				INFOPLIST_FILE = "WCE/WCE-Info.plist";
				PRODUCT_NAME = "$(TARGET_NAME)";
				WRAPPER_EXTENSION = app;
			};
			name = Debug;
		};
		8C9C3AF216CC60D000F95A6B /* Release */ = {
			isa = XCBuildConfiguration;
			buildSettings = {
				GCC_PRECOMPILE_PREFIX_HEADER = YES;
				GCC_PREFIX_HEADER = "WCE/WCE-Prefix.pch";
				INFOPLIST_FILE = "WCE/WCE-Info.plist";
				PRODUCT_NAME = "$(TARGET_NAME)";
				WRAPPER_EXTENSION = app;
			};
			name = Release;
		};
/* End XCBuildConfiguration section */

/* Begin XCConfigurationList section */
		8C9C3AC616CC60D000F95A6B /* Build configuration list for PBXProject "WCE" */ = {
			isa = XCConfigurationList;
			buildConfigurations = (
				8C9C3AEE16CC60D000F95A6B /* Debug */,
				8C9C3AEF16CC60D000F95A6B /* Release */,
			);
			defaultConfigurationIsVisible = 0;
			defaultConfigurationName = Release;
		};
		8C9C3AF016CC60D000F95A6B /* Build configuration list for PBXNativeTarget "WCE" */ = {
			isa = XCConfigurationList;
			buildConfigurations = (
				8C9C3AF116CC60D000F95A6B /* Debug */,
				8C9C3AF216CC60D000F95A6B /* Release */,
			);
			defaultConfigurationIsVisible = 0;
			defaultConfigurationName = Release;
		};
/* End XCConfigurationList section */
	};
	rootObject = 8C9C3AC316CC60D000F95A6B /* Project object */;
}
